
Microsoft Visual Studio Solution File, Format Version 11.00
# Visual Studio 2010
Project("{FAE04EC0-301F-11D3-BF4B-00C04F79EFBC}") = "Unity.Timeline", "Unity.Timeline.csproj", "{69ccfc59-9a93-3a86-11b7-b438410a405f}"
EndProject
Project("{FAE04EC0-301F-11D3-BF4B-00C04F79EFBC}") = "Unity.Multiplayer.Tools.NetStatsMonitor.Implementation", "Unity.Multiplayer.Tools.NetStatsMonitor.Implementation.csproj", "{cecb007c-776c-b9cd-5151-c23bbe2a8a88}"
EndProject
Project("{FAE04EC0-301F-11D3-BF4B-00C04F79EFBC}") = "Unity.Multiplayer.Tools.NetStats", "Unity.Multiplayer.Tools.NetStats.csproj", "{5c2aa172-1597-692f-8b3f-cecee48d5bc9}"
EndProject
Project("{FAE04EC0-301F-11D3-BF4B-00C04F79EFBC}") = "Unity.Timeline.Editor", "Unity.Timeline.Editor.csproj", "{4428da85-68e1-aa11-48ac-b4bcdb773fe8}"
EndProject
Project("{FAE04EC0-301F-11D3-BF4B-00C04F79EFBC}") = "Unity.Services.Multiplay.Wire.Internal", "Unity.Services.Multiplay.Wire.Internal.csproj", "{6a5a932b-15cc-f1e2-a256-2d652be97ee6}"
EndProject
Project("{FAE04EC0-301F-11D3-BF4B-00C04F79EFBC}") = "Unity.TextMeshPro.Editor", "Unity.TextMeshPro.Editor.csproj", "{728c73e0-4057-c2e4-eb4e-726432c777ea}"
EndProject
Project("{FAE04EC0-301F-11D3-BF4B-00C04F79EFBC}") = "Unity.Multiplayer.Tools.Common", "Unity.Multiplayer.Tools.Common.csproj", "{c44854e6-98f3-b219-2b18-8066f7abff52}"
EndProject
Project("{FAE04EC0-301F-11D3-BF4B-00C04F79EFBC}") = "Unity.Services.Core.Internal", "Unity.Services.Core.Internal.csproj", "{fa1792a0-1a73-2b5b-487c-4c14d1bb04bf}"
EndProject
Project("{FAE04EC0-301F-11D3-BF4B-00C04F79EFBC}") = "Unity.Multiplayer.Tools.NetStatsMonitor.Configuration", "Unity.Multiplayer.Tools.NetStatsMonitor.Configuration.csproj", "{d34476b1-d803-558c-9b5b-2df44a4013ee}"
EndProject
Project("{FAE04EC0-301F-11D3-BF4B-00C04F79EFBC}") = "UnityEditor.UI", "UnityEditor.UI.csproj", "{088f2c07-60ce-65ef-a548-a084f88ccbb9}"
EndProject
Project("{FAE04EC0-301F-11D3-BF4B-00C04F79EFBC}") = "Unity.Multiplayer.Tools.MetricTypes", "Unity.Multiplayer.Tools.MetricTypes.csproj", "{7490e9f2-3000-553d-01d5-141a61a2658a}"
EndProject
Project("{FAE04EC0-301F-11D3-BF4B-00C04F79EFBC}") = "Unity.Tutorials.Core.Editor", "Unity.Tutorials.Core.Editor.csproj", "{73080557-11cd-ed00-d5d4-73e81e92462c}"
EndProject
Project("{FAE04EC0-301F-11D3-BF4B-00C04F79EFBC}") = "Unity.ProBuilder", "Unity.ProBuilder.csproj", "{d3f6896a-1f93-f1c0-d03e-a547ca522ea9}"
EndProject
Project("{FAE04EC0-301F-11D3-BF4B-00C04F79EFBC}") = "Unity.PlasticSCM.Editor", "Unity.PlasticSCM.Editor.csproj", "{cf1d267a-cf02-901f-26dd-c837a9a9b202}"
EndProject
Project("{FAE04EC0-301F-11D3-BF4B-00C04F79EFBC}") = "Unity.Services.QoS", "Unity.Services.QoS.csproj", "{6b38a81d-04a5-48bf-f4ef-2590d34bf3bf}"
EndProject
Project("{FAE04EC0-301F-11D3-BF4B-00C04F79EFBC}") = "Unity.ProBuilder.Editor", "Unity.ProBuilder.Editor.csproj", "{e70b65f1-a615-ffa1-5aea-33ca11149fb7}"
EndProject
Project("{FAE04EC0-301F-11D3-BF4B-00C04F79EFBC}") = "Unity.Mathematics", "Unity.Mathematics.csproj", "{521225da-a0e5-2d81-9693-c2fe4ed15654}"
EndProject
Project("{FAE04EC0-301F-11D3-BF4B-00C04F79EFBC}") = "KartGame", "KartGame.csproj", "{c1fa1441-5635-5526-5037-6745fbbd74a0}"
EndProject
Project("{FAE04EC0-301F-11D3-BF4B-00C04F79EFBC}") = "Cinemachine", "Cinemachine.csproj", "{55b52639-994f-4e0a-bf0c-d8a806139899}"
EndProject
Project("{FAE04EC0-301F-11D3-BF4B-00C04F79EFBC}") = "Unity.Services.Matchmaker", "Unity.Services.Matchmaker.csproj", "{1f67c1cb-171b-b1aa-7138-dea239d0f685}"
EndProject
Project("{FAE04EC0-301F-11D3-BF4B-00C04F79EFBC}") = "Unity.Services.Relay", "Unity.Services.Relay.csproj", "{5ce5986c-d28e-4eaf-ff21-f56dbbc726a2}"
EndProject
Project("{FAE04EC0-301F-11D3-BF4B-00C04F79EFBC}") = "Unity.Multiplayer.Tools.NetStatsMonitor.Editor", "Unity.Multiplayer.Tools.NetStatsMonitor.Editor.csproj", "{93c5cc98-365d-cafd-9748-c686ce8c6348}"
EndProject
Project("{FAE04EC0-301F-11D3-BF4B-00C04F79EFBC}") = "UnityEditor.TestRunner", "UnityEditor.TestRunner.csproj", "{4115dde4-45a6-c13c-187b-01577e08f3db}"
EndProject
Project("{FAE04EC0-301F-11D3-BF4B-00C04F79EFBC}") = "Unity.Barracuda", "Unity.Barracuda.csproj", "{e99f22db-e7d9-8dc3-3012-f38389c1cb78}"
EndProject
Project("{FAE04EC0-301F-11D3-BF4B-00C04F79EFBC}") = "Unity.ProBuilder.Poly2Tri", "Unity.ProBuilder.Poly2Tri.csproj", "{eba04dfa-1ed7-ad37-cfbe-64b0396cdcb1}"
EndProject
Project("{FAE04EC0-301F-11D3-BF4B-00C04F79EFBC}") = "Unity.Networking.Transport", "Unity.Networking.Transport.csproj", "{410d7d61-4888-30e0-e815-6aa253c4a6ed}"
EndProject
Project("{FAE04EC0-301F-11D3-BF4B-00C04F79EFBC}") = "Unity.Multiplayer.Tools.NetworkProfiler.Tests.Editor", "Unity.Multiplayer.Tools.NetworkProfiler.Tests.Editor.csproj", "{f6029b30-4fbd-706a-35e6-5c44ea240f2c}"
EndProject
Project("{FAE04EC0-301F-11D3-BF4B-00C04F79EFBC}") = "UnityEngine.TestRunner", "UnityEngine.TestRunner.csproj", "{de2344af-5726-2105-bc32-a593e618aafb}"
EndProject
Project("{FAE04EC0-301F-11D3-BF4B-00C04F79EFBC}") = "Unity.Services.Multiplay", "Unity.Services.Multiplay.csproj", "{38c6bc94-4abf-4eb2-4975-885087d90b4b}"
EndProject
Project("{FAE04EC0-301F-11D3-BF4B-00C04F79EFBC}") = "Unity.Multiplayer.Tools.NetStats.Tests.Editor", "Unity.Multiplayer.Tools.NetStats.Tests.Editor.csproj", "{b717aa1f-4668-db1b-7b9c-8f0706b56305}"
EndProject
Project("{FAE04EC0-301F-11D3-BF4B-00C04F79EFBC}") = "Unity.Burst", "Unity.Burst.csproj", "{84b195ce-e472-8a24-e95c-6b8f9bc38df9}"
EndProject
Project("{FAE04EC0-301F-11D3-BF4B-00C04F79EFBC}") = "Unity.Multiplayer.Tools.Common.Tests", "Unity.Multiplayer.Tools.Common.Tests.csproj", "{778eaf9f-5c7d-ebfc-835d-7de693cc0b1b}"
EndProject
Project("{FAE04EC0-301F-11D3-BF4B-00C04F79EFBC}") = "Unity.Services.Core.Environments.Editor", "Unity.Services.Core.Environments.Editor.csproj", "{c89ab33c-f9c8-bf25-7739-10d05a376b06}"
EndProject
Project("{FAE04EC0-301F-11D3-BF4B-00C04F79EFBC}") = "Unity.Netcode.Runtime", "Unity.Netcode.Runtime.csproj", "{38a6840c-997d-0623-b4cd-b365d32790f6}"
EndProject
Project("{FAE04EC0-301F-11D3-BF4B-00C04F79EFBC}") = "Unity.Multiplayer.Tools.NetworkProfiler.Editor", "Unity.Multiplayer.Tools.NetworkProfiler.Editor.csproj", "{33e64f67-104e-acbe-4d5f-649e8b56da0c}"
EndProject
Project("{FAE04EC0-301F-11D3-BF4B-00C04F79EFBC}") = "Unity.Services.Authentication.Server", "Unity.Services.Authentication.Server.csproj", "{b2cd247b-5245-c859-dfa4-4d5c98c37289}"
EndProject
Project("{FAE04EC0-301F-11D3-BF4B-00C04F79EFBC}") = "Assembly-CSharp", "Assembly-CSharp.csproj", "{2dbe0df2-0f16-4c0b-ed86-106fc2da14fa}"
EndProject
Project("{FAE04EC0-301F-11D3-BF4B-00C04F79EFBC}") = "Unity.Services.Core.Editor", "Unity.Services.Core.Editor.csproj", "{0fb9e5f1-0740-98e7-0532-6067033e2f09}"
EndProject
Project("{FAE04EC0-301F-11D3-BF4B-00C04F79EFBC}") = "UnityEngine.UI", "UnityEngine.UI.csproj", "{4f09380d-b929-310b-b7c1-73fbb43aad0b}"
EndProject
Project("{FAE04EC0-301F-11D3-BF4B-00C04F79EFBC}") = "Unity.Services.Matchmaker.Authoring.Core", "Unity.Services.Matchmaker.Authoring.Core.csproj", "{a475c594-d07f-bd1c-e3a5-cdc4da4bdb17}"
EndProject
Project("{FAE04EC0-301F-11D3-BF4B-00C04F79EFBC}") = "Unity.ProBuilder.Csg", "Unity.ProBuilder.Csg.csproj", "{dbd60513-2884-4922-50dc-50fd64561be9}"
EndProject
Project("{FAE04EC0-301F-11D3-BF4B-00C04F79EFBC}") = "Unity.AI.Navigation.Editor", "Unity.AI.Navigation.Editor.csproj", "{52211302-b22e-f01b-908f-1e065fd9eec0}"
EndProject
Project("{FAE04EC0-301F-11D3-BF4B-00C04F79EFBC}") = "Unity.Services.Authentication.Editor", "Unity.Services.Authentication.Editor.csproj", "{e4959553-bc21-dad3-ebab-f420f992c76f}"
EndProject
Project("{FAE04EC0-301F-11D3-BF4B-00C04F79EFBC}") = "Unity.Collections", "Unity.Collections.csproj", "{76f8c136-1196-9e28-a236-26a87078ed14}"
EndProject
Project("{FAE04EC0-301F-11D3-BF4B-00C04F79EFBC}") = "Unity.Services.Wire.Internal", "Unity.Services.Wire.Internal.csproj", "{e9a32854-2cbf-63a9-2f23-227040630b4a}"
EndProject
Project("{FAE04EC0-301F-11D3-BF4B-00C04F79EFBC}") = "unity-websocket-sharp", "unity-websocket-sharp.csproj", "{d24ca1b4-c25c-43d6-7690-e3b750b43197}"
EndProject
Project("{FAE04EC0-301F-11D3-BF4B-00C04F79EFBC}") = "Unity.VisualStudio.Editor", "Unity.VisualStudio.Editor.csproj", "{aae9ba27-005d-d7ea-b013-711a787051dd}"
EndProject
Project("{FAE04EC0-301F-11D3-BF4B-00C04F79EFBC}") = "Unity.Services.Authentication", "Unity.Services.Authentication.csproj", "{a14e0ae6-e285-da8f-8908-0b37c3aab040}"
EndProject
Project("{FAE04EC0-301F-11D3-BF4B-00C04F79EFBC}") = "com.unity.cinemachine.editor", "com.unity.cinemachine.editor.csproj", "{6d4fb629-59aa-bce0-9584-6e78840686a7}"
EndProject
Project("{FAE04EC0-301F-11D3-BF4B-00C04F79EFBC}") = "Unity.Netcode.Components", "Unity.Netcode.Components.csproj", "{d96bc4d0-25f4-bea1-9e59-6205b94b5692}"
EndProject
Project("{FAE04EC0-301F-11D3-BF4B-00C04F79EFBC}") = "Unity.InternalAPIEditorBridge.007", "Unity.InternalAPIEditorBridge.007.csproj", "{d84ef64d-fa6d-5792-7b28-95d1616a66eb}"
EndProject
Project("{FAE04EC0-301F-11D3-BF4B-00C04F79EFBC}") = "Unity.Rider.Editor", "Unity.Rider.Editor.csproj", "{a542a728-24f9-102f-226f-77f781b16032}"
EndProject
Project("{FAE04EC0-301F-11D3-BF4B-00C04F79EFBC}") = "Unity.Postprocessing.Runtime", "Unity.Postprocessing.Runtime.csproj", "{98511a46-38b9-6a3c-4c1a-956e947ce4a5}"
EndProject
Project("{FAE04EC0-301F-11D3-BF4B-00C04F79EFBC}") = "Unity.Services.Core.Environments.Internal", "Unity.Services.Core.Environments.Internal.csproj", "{84d6a8a2-edfe-4cb8-49e9-28e953d17b1c}"
EndProject
Project("{FAE04EC0-301F-11D3-BF4B-00C04F79EFBC}") = "Unity.Services.Multiplay.Sqp", "Unity.Services.Multiplay.Sqp.csproj", "{deef6c92-2e43-fcb2-a443-d0e42cb41327}"
EndProject
Project("{FAE04EC0-301F-11D3-BF4B-00C04F79EFBC}") = "Unity.Multiplayer.Tools.NetStatsMonitor.Tests.Implementation", "Unity.Multiplayer.Tools.NetStatsMonitor.Tests.Implementation.csproj", "{e7ae5cef-009f-1743-5269-b131518a3e89}"
EndProject
Project("{FAE04EC0-301F-11D3-BF4B-00C04F79EFBC}") = "Unity.Multiplayer.Tools.Adapters", "Unity.Multiplayer.Tools.Adapters.csproj", "{0002c5b4-f17d-a05b-e5a7-cd8174d688ec}"
EndProject
Project("{FAE04EC0-301F-11D3-BF4B-00C04F79EFBC}") = "Unity.Netcode.Editor.CodeGen", "Unity.Netcode.Editor.CodeGen.csproj", "{777429c5-7cb5-417f-a24f-94b279bbf3cb}"
EndProject
Project("{FAE04EC0-301F-11D3-BF4B-00C04F79EFBC}") = "Unity.Services.Core.Telemetry", "Unity.Services.Core.Telemetry.csproj", "{d94d9763-7a0f-d32c-bb1f-32304a71ca75}"
EndProject
Project("{FAE04EC0-301F-11D3-BF4B-00C04F79EFBC}") = "Unity.AI.Navigation", "Unity.AI.Navigation.csproj", "{ce76b800-e8fa-827e-1585-0dfe44401539}"
EndProject
Project("{FAE04EC0-301F-11D3-BF4B-00C04F79EFBC}") = "Unity.Multiplayer.Tools.NetworkProfiler.Runtime", "Unity.Multiplayer.Tools.NetworkProfiler.Runtime.csproj", "{f4746e7d-2b17-4856-0465-39e5cf726f94}"
EndProject
Project("{FAE04EC0-301F-11D3-BF4B-00C04F79EFBC}") = "ParrelSync", "ParrelSync.csproj", "{cbce753a-dd75-846f-d155-c878888235fb}"
EndProject
Project("{FAE04EC0-301F-11D3-BF4B-00C04F79EFBC}") = "Unity.Services.Core.Configuration", "Unity.Services.Core.Configuration.csproj", "{b5902413-c887-0892-7100-f060b7684467}"
EndProject
Project("{FAE04EC0-301F-11D3-BF4B-00C04F79EFBC}") = "Unity.AI.Navigation.Editor.ConversionSystem", "Unity.AI.Navigation.Editor.ConversionSystem.csproj", "{da812605-dc46-ca5d-0a36-ed47cd1a87d2}"
EndProject
Project("{FAE04EC0-301F-11D3-BF4B-00C04F79EFBC}") = "Unity.Burst.CodeGen", "Unity.Burst.CodeGen.csproj", "{81f420f2-1a47-97b9-3855-98f07c97bd19}"
EndProject
Project("{FAE04EC0-301F-11D3-BF4B-00C04F79EFBC}") = "Unity.Services.Core.Configuration.Editor", "Unity.Services.Core.Configuration.Editor.csproj", "{08553de0-7740-7998-c6b5-4073c1642f31}"
EndProject
Project("{FAE04EC0-301F-11D3-BF4B-00C04F79EFBC}") = "Unity.Services.Core", "Unity.Services.Core.csproj", "{442cd1b6-2ccf-c977-3eb4-a523c9373d4d}"
EndProject
Project("{FAE04EC0-301F-11D3-BF4B-00C04F79EFBC}") = "Unity.Postprocessing.Editor", "Unity.Postprocessing.Editor.csproj", "{5b25e6ce-5334-afcd-eddb-c85b3c8c8b38}"
EndProject
Project("{FAE04EC0-301F-11D3-BF4B-00C04F79EFBC}") = "Unity.Barracuda.ONNX", "Unity.Barracuda.ONNX.csproj", "{4ee59342-adce-e22f-03e6-149d6f2b8995}"
EndProject
Project("{FAE04EC0-301F-11D3-BF4B-00C04F79EFBC}") = "Unity.TextMeshPro", "Unity.TextMeshPro.csproj", "{0761c8fa-f323-3836-56de-6ff3310d0301}"
EndProject
Project("{FAE04EC0-301F-11D3-BF4B-00C04F79EFBC}") = "Unity.Services.Core.Networking", "Unity.Services.Core.Networking.csproj", "{5ed823aa-9efd-9964-3d37-889bcdbaac34}"
EndProject
Project("{FAE04EC0-301F-11D3-BF4B-00C04F79EFBC}") = "Unity.Barracuda.MacBLAS", "Unity.Barracuda.MacBLAS.csproj", "{b356fd32-74f6-854a-0033-9e4c3778ee90}"
EndProject
Project("{FAE04EC0-301F-11D3-BF4B-00C04F79EFBC}") = "Unity.Services.Core.Scheduler", "Unity.Services.Core.Scheduler.csproj", "{dc1c3f4d-10cf-7d4f-034c-4a9ec8c1850e}"
EndProject
Project("{FAE04EC0-301F-11D3-BF4B-00C04F79EFBC}") = "Unity.Multiplayer.Samples.Utilities", "Unity.Multiplayer.Samples.Utilities.csproj", "{30947120-a131-0707-45a7-cf855503fc6d}"
EndProject
Project("{FAE04EC0-301F-11D3-BF4B-00C04F79EFBC}") = "Unity.Multiplayer.Tools.MetricTestData", "Unity.Multiplayer.Tools.MetricTestData.csproj", "{3c635369-1bea-f385-da04-a4ab9a21dafa}"
EndProject
Project("{FAE04EC0-301F-11D3-BF4B-00C04F79EFBC}") = "Unity.Multiplayer.Tools.NetStatsMonitor.Component", "Unity.Multiplayer.Tools.NetStatsMonitor.Component.csproj", "{6fa708d5-7455-941d-a895-978ec3edee47}"
EndProject
Project("{FAE04EC0-301F-11D3-BF4B-00C04F79EFBC}") = "Unity.Multiplayer.Tools.Initialization", "Unity.Multiplayer.Tools.Initialization.csproj", "{4b27b3e0-d6c5-d2ec-e76c-8afb1400ae28}"
EndProject
Project("{FAE04EC0-301F-11D3-BF4B-00C04F79EFBC}") = "Unity.VSCode.Editor", "Unity.VSCode.Editor.csproj", "{51c25722-0295-7de3-c6d0-beaadb2b6460}"
EndProject
Project("{FAE04EC0-301F-11D3-BF4B-00C04F79EFBC}") = "Unity.Play.Publisher.Editor", "Unity.Play.Publisher.Editor.csproj", "{4980681e-a2dc-112e-5832-51e0aef30f63}"
EndProject
Project("{FAE04EC0-301F-11D3-BF4B-00C04F79EFBC}") = "Unity.Netcode.Editor", "Unity.Netcode.Editor.csproj", "{102475a8-5075-b2f8-5c88-419a9749c938}"
EndProject
Project("{FAE04EC0-301F-11D3-BF4B-00C04F79EFBC}") = "Unity.Multiplayer.Tools.MetricTypes.Tests.Editor", "Unity.Multiplayer.Tools.MetricTypes.Tests.Editor.csproj", "{ff09b73f-8c10-e1a6-92fa-d88b76df921f}"
EndProject
Project("{FAE04EC0-301F-11D3-BF4B-00C04F79EFBC}") = "Unity.Burst.Editor", "Unity.Burst.Editor.csproj", "{c95b60a3-ed3f-92a4-b272-1000d02609dc}"
EndProject
Project("{FAE04EC0-301F-11D3-BF4B-00C04F79EFBC}") = "Unity.Sysroot.Linux_x86_64", "Unity.Sysroot.Linux_x86_64.csproj", "{ca41cf93-932f-4b7c-6a3f-38bcaf1741b5}"
EndProject
Project("{FAE04EC0-301F-11D3-BF4B-00C04F79EFBC}") = "Unity.Barracuda.Editor", "Unity.Barracuda.Editor.csproj", "{2bae7369-c6c5-89f6-87f0-6fea45ac811b}"
EndProject
Project("{FAE04EC0-301F-11D3-BF4B-00C04F79EFBC}") = "Unity.AI.Navigation.Updater", "Unity.AI.Navigation.Updater.csproj", "{51f55621-31c1-b09a-3521-94a51e96967e}"
EndProject
Project("{FAE04EC0-301F-11D3-BF4B-00C04F79EFBC}") = "Unity.InternalAPIEditorBridgeDev.001", "Unity.InternalAPIEditorBridgeDev.001.csproj", "{7c15388a-da2c-b3a8-47fe-82a1060f2f02}"
EndProject
Project("{FAE04EC0-301F-11D3-BF4B-00C04F79EFBC}") = "Unity.Multiplayer.Tools.Adapters.Ngo1", "Unity.Multiplayer.Tools.Adapters.Ngo1.csproj", "{6381a37d-1fda-2cf8-eba5-8d4514658c05}"
EndProject
Project("{FAE04EC0-301F-11D3-BF4B-00C04F79EFBC}") = "Unity.Multiplayer.Tools.Editor", "Unity.Multiplayer.Tools.Editor.csproj", "{a51d8d7a-e55b-e11e-78b4-791fe35a5d07}"
EndProject
Project("{FAE04EC0-301F-11D3-BF4B-00C04F79EFBC}") = "Unity.ProBuilder.Stl", "Unity.ProBuilder.Stl.csproj", "{b4b4d60c-4984-720a-066f-29c9e9f378b3}"
EndProject
Project("{FAE04EC0-301F-11D3-BF4B-00C04F79EFBC}") = "Unity.Settings.Editor", "Unity.Settings.Editor.csproj", "{d77cba2e-01d4-20d3-436f-e41799d4fc57}"
EndProject
Project("{FAE04EC0-301F-11D3-BF4B-00C04F79EFBC}") = "Unity.InternalAPIEngineBridge.007", "Unity.InternalAPIEngineBridge.007.csproj", "{9574e70f-2bd3-bbeb-43ba-2298d6a7ac2a}"
EndProject
Project("{FAE04EC0-301F-11D3-BF4B-00C04F79EFBC}") = "Unity.Networking.Editor", "Unity.Networking.Editor.csproj", "{09a46162-ecb7-668e-93b6-68f0b21f6d2b}"
EndProject
Project("{FAE04EC0-301F-11D3-BF4B-00C04F79EFBC}") = "Unity.Multiplayer.Tools.NetStatsReporting", "Unity.Multiplayer.Tools.NetStatsReporting.csproj", "{97f4698d-ed99-321a-c093-7c684f733341}"
EndProject
Project("{FAE04EC0-301F-11D3-BF4B-00C04F79EFBC}") = "Unity.Services.Authentication.Editor.Shared", "Unity.Services.Authentication.Editor.Shared.csproj", "{dc869437-3c2d-4525-0ebd-faba81122b98}"
EndProject
Project("{FAE04EC0-301F-11D3-BF4B-00C04F79EFBC}") = "Unity.Multiplayer.Tools.NetStats.CodeGen", "Unity.Multiplayer.Tools.NetStats.CodeGen.csproj", "{df3203a7-d073-b004-8011-70063795c9b8}"
EndProject
Project("{FAE04EC0-301F-11D3-BF4B-00C04F79EFBC}") = "Unity.ProBuilder.AssetIdRemapUtility", "Unity.ProBuilder.AssetIdRemapUtility.csproj", "{166dcd73-b620-2d34-e5bb-f399a017bd9f}"
EndProject
Project("{FAE04EC0-301F-11D3-BF4B-00C04F79EFBC}") = "Unity.Services.Core.Registration", "Unity.Services.Core.Registration.csproj", "{71030d08-24aa-510b-f2c8-1e33d658b415}"
EndProject
Project("{FAE04EC0-301F-11D3-BF4B-00C04F79EFBC}") = "Unity.Services.Core.Analytics", "Unity.Services.Core.Analytics.csproj", "{18804fa5-fc07-31ca-38d4-65c189061326}"
EndProject
Project("{FAE04EC0-301F-11D3-BF4B-00C04F79EFBC}") = "Unity.ProBuilder.KdTree", "Unity.ProBuilder.KdTree.csproj", "{46a00105-c39c-e3d0-4107-bada6d0369f9}"
EndProject
Project("{FAE04EC0-301F-11D3-BF4B-00C04F79EFBC}") = "Unity.Profiling.Core", "Unity.Profiling.Core.csproj", "{e65fdc09-eed4-bc66-d649-de68b37e598e}"
EndProject
Project("{FAE04EC0-301F-11D3-BF4B-00C04F79EFBC}") = "Unity.Multiplayer.Tools.NetworkSolutionInterface", "Unity.Multiplayer.Tools.NetworkSolutionInterface.csproj", "{b50f32f8-fa7d-a80e-38a6-3e99c96e1013}"
EndProject
Project("{FAE04EC0-301F-11D3-BF4B-00C04F79EFBC}") = "Unity.Services.Core.Threading", "Unity.Services.Core.Threading.csproj", "{823b6d07-2721-cd34-0c32-560763e647f5}"
EndProject
Project("{FAE04EC0-301F-11D3-BF4B-00C04F79EFBC}") = "Unity.Multiplayer.Tools.Tests.Editor", "Unity.Multiplayer.Tools.Tests.Editor.csproj", "{31efabf6-e049-da98-8a8b-196cd100e2a3}"
EndProject
Project("{FAE04EC0-301F-11D3-BF4B-00C04F79EFBC}") = "Unity.Microgame.Tutorials", "Unity.Microgame.Tutorials.csproj", "{cafcb6b7-14f0-4766-de48-742596e43a17}"
EndProject
Project("{FAE04EC0-301F-11D3-BF4B-00C04F79EFBC}") = "Unity.ProBuilder.AddOns.Editor", "Unity.ProBuilder.AddOns.Editor.csproj", "{f1796b3f-cc02-a3e3-77f9-420b6cf7276e}"
EndProject
Project("{FAE04EC0-301F-11D3-BF4B-00C04F79EFBC}") = "Unity.Multiplayer.Tools.NetStatsMonitor.Tests.Interface", "Unity.Multiplayer.Tools.NetStatsMonitor.Tests.Interface.csproj", "{f6ebb233-c3eb-d0a2-82d8-d62440b6efe1}"
EndProject
Project("{FAE04EC0-301F-11D3-BF4B-00C04F79EFBC}") = "Unity.EditorCoroutines.Editor", "Unity.EditorCoroutines.Editor.csproj", "{33a7df4e-0cf2-9ad3-0c4e-8ad23350720e}"
EndProject
Project("{FAE04EC0-301F-11D3-BF4B-00C04F79EFBC}") = "Unity.Mathematics.Editor", "Unity.Mathematics.Editor.csproj", "{cec0ff67-dcee-fda6-9d77-3de968b3f634}"
EndProject
Project("{FAE04EC0-301F-11D3-BF4B-00C04F79EFBC}") = "Unity.Multiplayer.Samples.Utilities.RNSM", "Unity.Multiplayer.Samples.Utilities.RNSM.csproj", "{bc5f22fc-f2f3-9fa8-3bfe-e7272300fe2f}"
EndProject
Project("{FAE04EC0-301F-11D3-BF4B-00C04F79EFBC}") = "Unity.Services.Core.Device", "Unity.Services.Core.Device.csproj", "{c7262823-61af-eea4-2f61-66b577c64161}"
EndProject
Project("{FAE04EC0-301F-11D3-BF4B-00C04F79EFBC}") = "Unity.Tutorials.Core", "Unity.Tutorials.Core.csproj", "{e039651c-a56e-b2b2-f3d2-0ff54ae10e98}"
EndProject
Project("{FAE04EC0-301F-11D3-BF4B-00C04F79EFBC}") = "Unity.Multiplayer.Samples.Utilities.ClientAuthority", "Unity.Multiplayer.Samples.Utilities.ClientAuthority.csproj", "{38e4f887-cc39-944b-fc7d-c1a8794d69b1}"
EndProject
Project("{FAE04EC0-301F-11D3-BF4B-00C04F79EFBC}") = "Unity.Multiplayer.Tools.MetricEvents", "Unity.Multiplayer.Tools.MetricEvents.csproj", "{abf0ab71-173a-c74f-a720-b277d7921304}"
EndProject
Project("{FAE04EC0-301F-11D3-BF4B-00C04F79EFBC}") = "Unity.Services.Core.Environments", "Unity.Services.Core.Environments.csproj", "{0058f44c-e09d-acfa-d4bb-5205592e93b0}"
EndProject
Project("{FAE04EC0-301F-11D3-BF4B-00C04F79EFBC}") = "Unity.Services.Wire.Editor", "Unity.Services.Wire.Editor.csproj", "{464d60f3-e092-fa2c-0fd2-cca77dd5277a}"
EndProject
Project("{FAE04EC0-301F-11D3-BF4B-00C04F79EFBC}") = "Unity.SysrootPackage.Editor", "Unity.SysrootPackage.Editor.csproj", "{ea9947c6-1f56-0ea0-6697-a7c4338fbf12}"
EndProject
Project("{FAE04EC0-301F-11D3-BF4B-00C04F79EFBC}") = "KartGame.Editor", "KartGame.Editor.csproj", "{eef5a070-3c7c-95b6-a4aa-c1d6ffb5e991}"
EndProject
Project("{FAE04EC0-301F-11D3-BF4B-00C04F79EFBC}") = "Unity.Collections.BurstCompatibilityGen", "Unity.Collections.BurstCompatibilityGen.csproj", "{542e7570-8646-f83b-80fc-a9f2bf35e6a5}"
EndProject
Project("{FAE04EC0-301F-11D3-BF4B-00C04F79EFBC}") = "Unity.Toolchain.Macos-arm64-Linux-x86_64", "Unity.Toolchain.Macos-arm64-Linux-x86_64.csproj", "{ea71c69b-30b8-3a5b-9d03-17b90c514a4b}"
EndProject
Project("{FAE04EC0-301F-11D3-BF4B-00C04F79EFBC}") = "Unity.Collections.DocCodeSamples", "Unity.Collections.DocCodeSamples.csproj", "{1afec2d9-f93b-6ffc-ae10-dda9e8e72f22}"
EndProject
Project("{FAE04EC0-301F-11D3-BF4B-00C04F79EFBC}") = "Unity.CollabProxy.Editor", "Unity.CollabProxy.Editor.csproj", "{a2c65efa-9401-87a9-f9fc-a06799aa393c}"
EndProject
Project("{FAE04EC0-301F-11D3-BF4B-00C04F79EFBC}") = "Unity.Barracuda.BurstBLAS", "Unity.Barracuda.BurstBLAS.csproj", "{0df28fb3-537d-51ab-33f7-04749f0db3fb}"
EndProject
Project("{FAE04EC0-301F-11D3-BF4B-00C04F79EFBC}") = "Unity.Multiplayer.Tools.NetworkSolutionInterface.Tests.Editor", "Unity.Multiplayer.Tools.NetworkSolutionInterface.Tests.Editor.csproj", "{2da75b3f-aac7-efc8-737f-b497d7f8e64f}"
EndProject
Project("{FAE04EC0-301F-11D3-BF4B-00C04F79EFBC}") = "Unity.Barracuda.iOSBLAS", "Unity.Barracuda.iOSBLAS.csproj", "{075a2959-dcee-3ed4-eed0-12be92a08f52}"
EndProject
Project("{FAE04EC0-301F-11D3-BF4B-00C04F79EFBC}") = "Unity.Netcode.Editor.PackageChecker", "Unity.Netcode.Editor.PackageChecker.csproj", "{02b59790-b2b6-27e8-e655-aee80c4bf03c}"
EndProject
Project("{FAE04EC0-301F-11D3-BF4B-00C04F79EFBC}") = "Unity.Multiplayer.Tools.NetworkSimulator.Editor", "Unity.Multiplayer.Tools.NetworkSimulator.Editor.csproj", "{f66e82e9-0267-7476-a0a9-7f608742f589}"
EndProject
Project("{FAE04EC0-301F-11D3-BF4B-00C04F79EFBC}") = "Unity.Netcode.TestHelpers.Runtime", "Unity.Netcode.TestHelpers.Runtime.csproj", "{2010ebf1-215a-b274-3a13-70eddd818545}"
EndProject
Project("{FAE04EC0-301F-11D3-BF4B-00C04F79EFBC}") = "UnityEngine.UI.Tests", "UnityEngine.UI.Tests.csproj", "{1bb56644-21d9-d941-0da2-1432906f3c5e}"
EndProject
Project("{FAE04EC0-301F-11D3-BF4B-00C04F79EFBC}") = "Assembly-CSharp-Editor", "Assembly-CSharp-Editor.csproj", "{8f47b5e4-3916-459e-63f7-13f646320d67}"
EndProject
Project("{FAE04EC0-301F-11D3-BF4B-00C04F79EFBC}") = "Unity.Play.Publisher.Editor.Tests", "Unity.Play.Publisher.Editor.Tests.csproj", "{0eccda72-7c8f-bb72-9704-6d4fa01901b3}"
EndProject
Project("{FAE04EC0-301F-11D3-BF4B-00C04F79EFBC}") = "Unity.Burst.Tests.UnitTests", "Unity.Burst.Tests.UnitTests.csproj", "{c460016e-960b-840e-40b0-9e9c7becd70e}"
EndProject
Project("{FAE04EC0-301F-11D3-BF4B-00C04F79EFBC}") = "UnityEditor.UI.EditorTests", "UnityEditor.UI.EditorTests.csproj", "{9e76acb5-3f6b-03a3-8382-af29adf3b232}"
EndProject
Project("{FAE04EC0-301F-11D3-BF4B-00C04F79EFBC}") = "Unity.Netcode.RuntimeTests", "Unity.Netcode.RuntimeTests.csproj", "{98d3deb7-4ce5-ffbb-8c2e-07619750ee92}"
EndProject
Project("{FAE04EC0-301F-11D3-BF4B-00C04F79EFBC}") = "Unity.Multiplayer.Samples.Utilities.Testing", "Unity.Multiplayer.Samples.Utilities.Testing.csproj", "{79016730-a1a2-9d08-4bf7-501a2e68b2b0}"
EndProject
Project("{FAE04EC0-301F-11D3-BF4B-00C04F79EFBC}") = "Unity.Mathematics.Tests", "Unity.Mathematics.Tests.csproj", "{585bc2da-2bf1-4107-45f5-0b06621fa4ab}"
EndProject
Project("{FAE04EC0-301F-11D3-BF4B-00C04F79EFBC}") = "Unity.Multiplayer.Tools.Adapters.Tests", "Unity.Multiplayer.Tools.Adapters.Tests.csproj", "{193162b1-d987-b877-46e9-b56ef8291ba5}"
EndProject
Project("{FAE04EC0-301F-11D3-BF4B-00C04F79EFBC}") = "Unity.Services.Authentication.Server.Tests", "Unity.Services.Authentication.Server.Tests.csproj", "{7bb5f7ad-a23f-ed6a-8da1-d957a6220c6e}"
EndProject
Project("{FAE04EC0-301F-11D3-BF4B-00C04F79EFBC}") = "Unity.TextMeshPro.Tests", "Unity.TextMeshPro.Tests.csproj", "{736f72ae-cd00-d7c3-1466-148645675572}"
EndProject
Project("{FAE04EC0-301F-11D3-BF4B-00C04F79EFBC}") = "Unity.Barracuda.Editor.Tests", "Unity.Barracuda.Editor.Tests.csproj", "{9a17c14f-9a27-5271-c093-60f456e7d3cc}"
EndProject
Project("{FAE04EC0-301F-11D3-BF4B-00C04F79EFBC}") = "Unity.Networking.Transport.EditorTests", "Unity.Networking.Transport.EditorTests.csproj", "{bb349eaa-8784-6120-18e6-78fb0c3297f6}"
EndProject
Project("{FAE04EC0-301F-11D3-BF4B-00C04F79EFBC}") = "Unity.Tutorials.Core.Editor.Tests", "Unity.Tutorials.Core.Editor.Tests.csproj", "{2e6b375b-fa75-3658-69af-bfc98186ab0f}"
EndProject
Project("{FAE04EC0-301F-11D3-BF4B-00C04F79EFBC}") = "Unity.Multiplayer.Tools.NetworkSimulator.Runtime", "Unity.Multiplayer.Tools.NetworkSimulator.Runtime.csproj", "{b4884a18-c99d-00ca-5e96-acc0c1646ec4}"
EndProject
Project("{FAE04EC0-301F-11D3-BF4B-00C04F79EFBC}") = "Unity.Netcode.EditorTests", "Unity.Netcode.EditorTests.csproj", "{26ea7a86-0a7a-229b-5c24-de961d113401}"
EndProject
Project("{FAE04EC0-301F-11D3-BF4B-00C04F79EFBC}") = "Unity.Toolchain.Macos-arm64-Linux-x86_64.EditorTests", "Unity.Toolchain.Macos-arm64-Linux-x86_64.EditorTests.csproj", "{ceb3f69e-3990-4749-000f-b2da1718335c}"
EndProject
Project("{FAE04EC0-301F-11D3-BF4B-00C04F79EFBC}") = "Unity.Burst.Editor.Tests", "Unity.Burst.Editor.Tests.csproj", "{984cab33-f239-daba-f4a5-2408c9327039}"
EndProject
Project("{FAE04EC0-301F-11D3-BF4B-00C04F79EFBC}") = "Unity.Networking.Transport.RuntimeTests", "Unity.Networking.Transport.RuntimeTests.csproj", "{b79b5a15-ec20-23ae-3dee-4c09de91ddc6}"
EndProject
Project("{FAE04EC0-301F-11D3-BF4B-00C04F79EFBC}") = "Unity.Multiplayer.Samples.Utilities.Tests.Editor", "Unity.Multiplayer.Samples.Utilities.Tests.Editor.csproj", "{0969281f-cea9-163a-2428-87be2660d6a9}"
EndProject
Project("{FAE04EC0-301F-11D3-BF4B-00C04F79EFBC}") = "Unity.Multiplayer.Tools.Adapters.Ngo1WithUtp2", "Unity.Multiplayer.Tools.Adapters.Ngo1WithUtp2.csproj", "{98e97cce-a50b-c97d-2575-b54c054d45a2}"
EndProject
Project("{FAE04EC0-301F-11D3-BF4B-00C04F79EFBC}") = "Unity.Postprocessing.Editor.Tests", "Unity.Postprocessing.Editor.Tests.csproj", "{be7d81c6-2fad-7d68-be82-b52d01c1800d}"
EndProject
Project("{FAE04EC0-301F-11D3-BF4B-00C04F79EFBC}") = "DocCodeExamples", "DocCodeExamples.csproj", "{1d07cb93-a94c-7ac5-c432-c70432924603}"
EndProject
Project("{FAE04EC0-301F-11D3-BF4B-00C04F79EFBC}") = "Unity.Sysroot.Linux_x86_64.EditorTests", "Unity.Sysroot.Linux_x86_64.EditorTests.csproj", "{4e4dafb5-cee4-cb0e-c7c0-9565d40fb98a}"
EndProject
Project("{FAE04EC0-301F-11D3-BF4B-00C04F79EFBC}") = "Unity.Postprocessing.Runtime.Tests", "Unity.Postprocessing.Runtime.Tests.csproj", "{ca7c879e-5922-2645-5d32-6dc998c6d9ba}"
EndProject
Project("{FAE04EC0-301F-11D3-BF4B-00C04F79EFBC}") = "Assembly-CSharp-firstpass", "Assembly-CSharp-firstpass.csproj", "{b06308a5-21c1-529c-29dc-2ff660a17477}"
EndProject
Project("{FAE04EC0-301F-11D3-BF4B-00C04F79EFBC}") = "Unity.AI.Navigation.Tests", "Unity.AI.Navigation.Tests.csproj", "{6554c991-0986-21bf-99a5-437b495e4a45}"
EndProject
Project("{FAE04EC0-301F-11D3-BF4B-00C04F79EFBC}") = "Unity.Nuget.Mono-Cecil", "Unity.Nuget.Mono-Cecil.csproj", "{fb289e65-2394-0d4e-5d10-48e7547c4eae}"
EndProject
Project("{FAE04EC0-301F-11D3-BF4B-00C04F79EFBC}") = "Unity.Multiplayer.Tools.Adapters.Utp2", "Unity.Multiplayer.Tools.Adapters.Utp2.csproj", "{8e763789-61d5-63bb-c3b5-704c96bc6b87}"
EndProject
Project("{FAE04EC0-301F-11D3-BF4B-00C04F79EFBC}") = "Unity.TextMeshPro.Editor.Tests", "Unity.TextMeshPro.Editor.Tests.csproj", "{6f2ba5ee-0193-494b-72a2-abf976a9d5b4}"
EndProject
Project("{FAE04EC0-301F-11D3-BF4B-00C04F79EFBC}") = "Unity.Settings.Tests", "Unity.Settings.Tests.csproj", "{e6642ad1-9727-e722-451d-47d25022f4df}"
EndProject
Project("{FAE04EC0-301F-11D3-BF4B-00C04F79EFBC}") = "Cinemachine.Editor.Tests", "Cinemachine.Editor.Tests.csproj", "{c4458745-ecdf-dddb-2010-e308751d01bd}"
EndProject
Project("{FAE04EC0-301F-11D3-BF4B-00C04F79EFBC}") = "Unity.Collections.Tests", "Unity.Collections.Tests.csproj", "{c61c5780-e7fc-6c7d-a527-6453d39aae51}"
EndProject
Project("{FAE04EC0-301F-11D3-BF4B-00C04F79EFBC}") = "Unity.AI.Navigation.Editor.Tests", "Unity.AI.Navigation.Editor.Tests.csproj", "{cdb3c1ff-36db-a4e0-9b02-b6d923f8b1f6}"
EndProject
Project("{FAE04EC0-301F-11D3-BF4B-00C04F79EFBC}") = "Unity.Collections.Tests.Playmode", "Unity.Collections.Tests.Playmode.csproj", "{e5aee322-ddc4-b0bb-c03e-a0efedaf6bc3}"
EndProject
Project("{FAE04EC0-301F-11D3-BF4B-00C04F79EFBC}") = "Unity.Tutorials.Core.Tests", "Unity.Tutorials.Core.Tests.csproj", "{9545385e-598e-249b-31b1-1f59c4a9ca2a}"
EndProject
Project("{FAE04EC0-301F-11D3-BF4B-00C04F79EFBC}") = "SeparateAssembly", "SeparateAssembly.csproj", "{4bd6bf85-da69-96ef-2cc9-0c3be5e25a0c}"
EndProject
Project("{FAE04EC0-301F-11D3-BF4B-00C04F79EFBC}") = "Unity.Sysroot.EditorTests", "Unity.Sysroot.EditorTests.csproj", "{ede05d9c-c3d0-6ddb-e290-f00ff3388d3a}"
EndProject
Project("{FAE04EC0-301F-11D3-BF4B-00C04F79EFBC}") = "Cinemachine.Runtime.Tests", "Cinemachine.Runtime.Tests.csproj", "{337fcfdf-4189-64b3-882c-ac86b06eaf56}"
EndProject
Project("{FAE04EC0-301F-11D3-BF4B-00C04F79EFBC}") = "Unity.Multiplayer.Samples.Utilities.Tests.Runtime", "Unity.Multiplayer.Samples.Utilities.Tests.Runtime.csproj", "{1a1e342f-3a8b-8e0f-54ef-b9fd513866b0}"
EndProject
Project("{FAE04EC0-301F-11D3-BF4B-00C04F79EFBC}") = "OverloadedFunctionPointers", "OverloadedFunctionPointers.csproj", "{c4f31c54-a3e7-b81d-79bc-4cd77f74eee0}"
EndProject
Global
	GlobalSection(SolutionConfigurationPlatforms) = preSolution
		Debug|Any CPU = Debug|Any CPU
	EndGlobalSection
	GlobalSection(ProjectConfigurationPlatforms) = postSolution
		{69ccfc59-9a93-3a86-11b7-b438410a405f}.Debug|Any CPU.ActiveCfg = Debug|Any CPU
		{69ccfc59-9a93-3a86-11b7-b438410a405f}.Debug|Any CPU.Build.0 = Debug|Any CPU
		{cecb007c-776c-b9cd-5151-c23bbe2a8a88}.Debug|Any CPU.ActiveCfg = Debug|Any CPU
		{cecb007c-776c-b9cd-5151-c23bbe2a8a88}.Debug|Any CPU.Build.0 = Debug|Any CPU
		{5c2aa172-1597-692f-8b3f-cecee48d5bc9}.Debug|Any CPU.ActiveCfg = Debug|Any CPU
		{5c2aa172-1597-692f-8b3f-cecee48d5bc9}.Debug|Any CPU.Build.0 = Debug|Any CPU
		{4428da85-68e1-aa11-48ac-b4bcdb773fe8}.Debug|Any CPU.ActiveCfg = Debug|Any CPU
		{4428da85-68e1-aa11-48ac-b4bcdb773fe8}.Debug|Any CPU.Build.0 = Debug|Any CPU
		{6a5a932b-15cc-f1e2-a256-2d652be97ee6}.Debug|Any CPU.ActiveCfg = Debug|Any CPU
		{6a5a932b-15cc-f1e2-a256-2d652be97ee6}.Debug|Any CPU.Build.0 = Debug|Any CPU
		{728c73e0-4057-c2e4-eb4e-726432c777ea}.Debug|Any CPU.ActiveCfg = Debug|Any CPU
		{728c73e0-4057-c2e4-eb4e-726432c777ea}.Debug|Any CPU.Build.0 = Debug|Any CPU
		{c44854e6-98f3-b219-2b18-8066f7abff52}.Debug|Any CPU.ActiveCfg = Debug|Any CPU
		{c44854e6-98f3-b219-2b18-8066f7abff52}.Debug|Any CPU.Build.0 = Debug|Any CPU
		{fa1792a0-1a73-2b5b-487c-4c14d1bb04bf}.Debug|Any CPU.ActiveCfg = Debug|Any CPU
		{fa1792a0-1a73-2b5b-487c-4c14d1bb04bf}.Debug|Any CPU.Build.0 = Debug|Any CPU
		{d34476b1-d803-558c-9b5b-2df44a4013ee}.Debug|Any CPU.ActiveCfg = Debug|Any CPU
		{d34476b1-d803-558c-9b5b-2df44a4013ee}.Debug|Any CPU.Build.0 = Debug|Any CPU
		{088f2c07-60ce-65ef-a548-a084f88ccbb9}.Debug|Any CPU.ActiveCfg = Debug|Any CPU
		{088f2c07-60ce-65ef-a548-a084f88ccbb9}.Debug|Any CPU.Build.0 = Debug|Any CPU
		{7490e9f2-3000-553d-01d5-141a61a2658a}.Debug|Any CPU.ActiveCfg = Debug|Any CPU
		{7490e9f2-3000-553d-01d5-141a61a2658a}.Debug|Any CPU.Build.0 = Debug|Any CPU
		{73080557-11cd-ed00-d5d4-73e81e92462c}.Debug|Any CPU.ActiveCfg = Debug|Any CPU
		{73080557-11cd-ed00-d5d4-73e81e92462c}.Debug|Any CPU.Build.0 = Debug|Any CPU
		{d3f6896a-1f93-f1c0-d03e-a547ca522ea9}.Debug|Any CPU.ActiveCfg = Debug|Any CPU
		{d3f6896a-1f93-f1c0-d03e-a547ca522ea9}.Debug|Any CPU.Build.0 = Debug|Any CPU
		{cf1d267a-cf02-901f-26dd-c837a9a9b202}.Debug|Any CPU.ActiveCfg = Debug|Any CPU
		{cf1d267a-cf02-901f-26dd-c837a9a9b202}.Debug|Any CPU.Build.0 = Debug|Any CPU
		{6b38a81d-04a5-48bf-f4ef-2590d34bf3bf}.Debug|Any CPU.ActiveCfg = Debug|Any CPU
		{6b38a81d-04a5-48bf-f4ef-2590d34bf3bf}.Debug|Any CPU.Build.0 = Debug|Any CPU
		{e70b65f1-a615-ffa1-5aea-33ca11149fb7}.Debug|Any CPU.ActiveCfg = Debug|Any CPU
		{e70b65f1-a615-ffa1-5aea-33ca11149fb7}.Debug|Any CPU.Build.0 = Debug|Any CPU
		{521225da-a0e5-2d81-9693-c2fe4ed15654}.Debug|Any CPU.ActiveCfg = Debug|Any CPU
		{521225da-a0e5-2d81-9693-c2fe4ed15654}.Debug|Any CPU.Build.0 = Debug|Any CPU
		{c1fa1441-5635-5526-5037-6745fbbd74a0}.Debug|Any CPU.ActiveCfg = Debug|Any CPU
		{c1fa1441-5635-5526-5037-6745fbbd74a0}.Debug|Any CPU.Build.0 = Debug|Any CPU
		{55b52639-994f-4e0a-bf0c-d8a806139899}.Debug|Any CPU.ActiveCfg = Debug|Any CPU
		{55b52639-994f-4e0a-bf0c-d8a806139899}.Debug|Any CPU.Build.0 = Debug|Any CPU
		{1f67c1cb-171b-b1aa-7138-dea239d0f685}.Debug|Any CPU.ActiveCfg = Debug|Any CPU
		{1f67c1cb-171b-b1aa-7138-dea239d0f685}.Debug|Any CPU.Build.0 = Debug|Any CPU
		{5ce5986c-d28e-4eaf-ff21-f56dbbc726a2}.Debug|Any CPU.ActiveCfg = Debug|Any CPU
		{5ce5986c-d28e-4eaf-ff21-f56dbbc726a2}.Debug|Any CPU.Build.0 = Debug|Any CPU
		{93c5cc98-365d-cafd-9748-c686ce8c6348}.Debug|Any CPU.ActiveCfg = Debug|Any CPU
		{93c5cc98-365d-cafd-9748-c686ce8c6348}.Debug|Any CPU.Build.0 = Debug|Any CPU
		{4115dde4-45a6-c13c-187b-01577e08f3db}.Debug|Any CPU.ActiveCfg = Debug|Any CPU
		{4115dde4-45a6-c13c-187b-01577e08f3db}.Debug|Any CPU.Build.0 = Debug|Any CPU
		{e99f22db-e7d9-8dc3-3012-f38389c1cb78}.Debug|Any CPU.ActiveCfg = Debug|Any CPU
		{e99f22db-e7d9-8dc3-3012-f38389c1cb78}.Debug|Any CPU.Build.0 = Debug|Any CPU
		{eba04dfa-1ed7-ad37-cfbe-64b0396cdcb1}.Debug|Any CPU.ActiveCfg = Debug|Any CPU
		{eba04dfa-1ed7-ad37-cfbe-64b0396cdcb1}.Debug|Any CPU.Build.0 = Debug|Any CPU
		{410d7d61-4888-30e0-e815-6aa253c4a6ed}.Debug|Any CPU.ActiveCfg = Debug|Any CPU
		{410d7d61-4888-30e0-e815-6aa253c4a6ed}.Debug|Any CPU.Build.0 = Debug|Any CPU
		{f6029b30-4fbd-706a-35e6-5c44ea240f2c}.Debug|Any CPU.ActiveCfg = Debug|Any CPU
		{f6029b30-4fbd-706a-35e6-5c44ea240f2c}.Debug|Any CPU.Build.0 = Debug|Any CPU
		{de2344af-5726-2105-bc32-a593e618aafb}.Debug|Any CPU.ActiveCfg = Debug|Any CPU
		{de2344af-5726-2105-bc32-a593e618aafb}.Debug|Any CPU.Build.0 = Debug|Any CPU
		{38c6bc94-4abf-4eb2-4975-885087d90b4b}.Debug|Any CPU.ActiveCfg = Debug|Any CPU
		{38c6bc94-4abf-4eb2-4975-885087d90b4b}.Debug|Any CPU.Build.0 = Debug|Any CPU
		{b717aa1f-4668-db1b-7b9c-8f0706b56305}.Debug|Any CPU.ActiveCfg = Debug|Any CPU
		{b717aa1f-4668-db1b-7b9c-8f0706b56305}.Debug|Any CPU.Build.0 = Debug|Any CPU
		{84b195ce-e472-8a24-e95c-6b8f9bc38df9}.Debug|Any CPU.ActiveCfg = Debug|Any CPU
		{84b195ce-e472-8a24-e95c-6b8f9bc38df9}.Debug|Any CPU.Build.0 = Debug|Any CPU
		{778eaf9f-5c7d-ebfc-835d-7de693cc0b1b}.Debug|Any CPU.ActiveCfg = Debug|Any CPU
		{778eaf9f-5c7d-ebfc-835d-7de693cc0b1b}.Debug|Any CPU.Build.0 = Debug|Any CPU
		{c89ab33c-f9c8-bf25-7739-10d05a376b06}.Debug|Any CPU.ActiveCfg = Debug|Any CPU
		{c89ab33c-f9c8-bf25-7739-10d05a376b06}.Debug|Any CPU.Build.0 = Debug|Any CPU
		{38a6840c-997d-0623-b4cd-b365d32790f6}.Debug|Any CPU.ActiveCfg = Debug|Any CPU
		{38a6840c-997d-0623-b4cd-b365d32790f6}.Debug|Any CPU.Build.0 = Debug|Any CPU
		{33e64f67-104e-acbe-4d5f-649e8b56da0c}.Debug|Any CPU.ActiveCfg = Debug|Any CPU
		{33e64f67-104e-acbe-4d5f-649e8b56da0c}.Debug|Any CPU.Build.0 = Debug|Any CPU
		{b2cd247b-5245-c859-dfa4-4d5c98c37289}.Debug|Any CPU.ActiveCfg = Debug|Any CPU
		{b2cd247b-5245-c859-dfa4-4d5c98c37289}.Debug|Any CPU.Build.0 = Debug|Any CPU
		{2dbe0df2-0f16-4c0b-ed86-106fc2da14fa}.Debug|Any CPU.ActiveCfg = Debug|Any CPU
		{2dbe0df2-0f16-4c0b-ed86-106fc2da14fa}.Debug|Any CPU.Build.0 = Debug|Any CPU
		{0fb9e5f1-0740-98e7-0532-6067033e2f09}.Debug|Any CPU.ActiveCfg = Debug|Any CPU
		{0fb9e5f1-0740-98e7-0532-6067033e2f09}.Debug|Any CPU.Build.0 = Debug|Any CPU
		{4f09380d-b929-310b-b7c1-73fbb43aad0b}.Debug|Any CPU.ActiveCfg = Debug|Any CPU
		{4f09380d-b929-310b-b7c1-73fbb43aad0b}.Debug|Any CPU.Build.0 = Debug|Any CPU
		{a475c594-d07f-bd1c-e3a5-cdc4da4bdb17}.Debug|Any CPU.ActiveCfg = Debug|Any CPU
		{a475c594-d07f-bd1c-e3a5-cdc4da4bdb17}.Debug|Any CPU.Build.0 = Debug|Any CPU
		{dbd60513-2884-4922-50dc-50fd64561be9}.Debug|Any CPU.ActiveCfg = Debug|Any CPU
		{dbd60513-2884-4922-50dc-50fd64561be9}.Debug|Any CPU.Build.0 = Debug|Any CPU
		{52211302-b22e-f01b-908f-1e065fd9eec0}.Debug|Any CPU.ActiveCfg = Debug|Any CPU
		{52211302-b22e-f01b-908f-1e065fd9eec0}.Debug|Any CPU.Build.0 = Debug|Any CPU
		{e4959553-bc21-dad3-ebab-f420f992c76f}.Debug|Any CPU.ActiveCfg = Debug|Any CPU
		{e4959553-bc21-dad3-ebab-f420f992c76f}.Debug|Any CPU.Build.0 = Debug|Any CPU
		{76f8c136-1196-9e28-a236-26a87078ed14}.Debug|Any CPU.ActiveCfg = Debug|Any CPU
		{76f8c136-1196-9e28-a236-26a87078ed14}.Debug|Any CPU.Build.0 = Debug|Any CPU
		{e9a32854-2cbf-63a9-2f23-227040630b4a}.Debug|Any CPU.ActiveCfg = Debug|Any CPU
		{e9a32854-2cbf-63a9-2f23-227040630b4a}.Debug|Any CPU.Build.0 = Debug|Any CPU
		{d24ca1b4-c25c-43d6-7690-e3b750b43197}.Debug|Any CPU.ActiveCfg = Debug|Any CPU
		{d24ca1b4-c25c-43d6-7690-e3b750b43197}.Debug|Any CPU.Build.0 = Debug|Any CPU
		{aae9ba27-005d-d7ea-b013-711a787051dd}.Debug|Any CPU.ActiveCfg = Debug|Any CPU
		{aae9ba27-005d-d7ea-b013-711a787051dd}.Debug|Any CPU.Build.0 = Debug|Any CPU
		{a14e0ae6-e285-da8f-8908-0b37c3aab040}.Debug|Any CPU.ActiveCfg = Debug|Any CPU
		{a14e0ae6-e285-da8f-8908-0b37c3aab040}.Debug|Any CPU.Build.0 = Debug|Any CPU
		{6d4fb629-59aa-bce0-9584-6e78840686a7}.Debug|Any CPU.ActiveCfg = Debug|Any CPU
		{6d4fb629-59aa-bce0-9584-6e78840686a7}.Debug|Any CPU.Build.0 = Debug|Any CPU
		{d96bc4d0-25f4-bea1-9e59-6205b94b5692}.Debug|Any CPU.ActiveCfg = Debug|Any CPU
		{d96bc4d0-25f4-bea1-9e59-6205b94b5692}.Debug|Any CPU.Build.0 = Debug|Any CPU
		{d84ef64d-fa6d-5792-7b28-95d1616a66eb}.Debug|Any CPU.ActiveCfg = Debug|Any CPU
		{d84ef64d-fa6d-5792-7b28-95d1616a66eb}.Debug|Any CPU.Build.0 = Debug|Any CPU
		{a542a728-24f9-102f-226f-77f781b16032}.Debug|Any CPU.ActiveCfg = Debug|Any CPU
		{a542a728-24f9-102f-226f-77f781b16032}.Debug|Any CPU.Build.0 = Debug|Any CPU
		{98511a46-38b9-6a3c-4c1a-956e947ce4a5}.Debug|Any CPU.ActiveCfg = Debug|Any CPU
		{98511a46-38b9-6a3c-4c1a-956e947ce4a5}.Debug|Any CPU.Build.0 = Debug|Any CPU
		{84d6a8a2-edfe-4cb8-49e9-28e953d17b1c}.Debug|Any CPU.ActiveCfg = Debug|Any CPU
		{84d6a8a2-edfe-4cb8-49e9-28e953d17b1c}.Debug|Any CPU.Build.0 = Debug|Any CPU
		{deef6c92-2e43-fcb2-a443-d0e42cb41327}.Debug|Any CPU.ActiveCfg = Debug|Any CPU
		{deef6c92-2e43-fcb2-a443-d0e42cb41327}.Debug|Any CPU.Build.0 = Debug|Any CPU
		{e7ae5cef-009f-1743-5269-b131518a3e89}.Debug|Any CPU.ActiveCfg = Debug|Any CPU
		{e7ae5cef-009f-1743-5269-b131518a3e89}.Debug|Any CPU.Build.0 = Debug|Any CPU
		{0002c5b4-f17d-a05b-e5a7-cd8174d688ec}.Debug|Any CPU.ActiveCfg = Debug|Any CPU
		{0002c5b4-f17d-a05b-e5a7-cd8174d688ec}.Debug|Any CPU.Build.0 = Debug|Any CPU
		{777429c5-7cb5-417f-a24f-94b279bbf3cb}.Debug|Any CPU.ActiveCfg = Debug|Any CPU
		{777429c5-7cb5-417f-a24f-94b279bbf3cb}.Debug|Any CPU.Build.0 = Debug|Any CPU
		{d94d9763-7a0f-d32c-bb1f-32304a71ca75}.Debug|Any CPU.ActiveCfg = Debug|Any CPU
		{d94d9763-7a0f-d32c-bb1f-32304a71ca75}.Debug|Any CPU.Build.0 = Debug|Any CPU
		{ce76b800-e8fa-827e-1585-0dfe44401539}.Debug|Any CPU.ActiveCfg = Debug|Any CPU
		{ce76b800-e8fa-827e-1585-0dfe44401539}.Debug|Any CPU.Build.0 = Debug|Any CPU
		{f4746e7d-2b17-4856-0465-39e5cf726f94}.Debug|Any CPU.ActiveCfg = Debug|Any CPU
		{f4746e7d-2b17-4856-0465-39e5cf726f94}.Debug|Any CPU.Build.0 = Debug|Any CPU
		{cbce753a-dd75-846f-d155-c878888235fb}.Debug|Any CPU.ActiveCfg = Debug|Any CPU
		{cbce753a-dd75-846f-d155-c878888235fb}.Debug|Any CPU.Build.0 = Debug|Any CPU
		{b5902413-c887-0892-7100-f060b7684467}.Debug|Any CPU.ActiveCfg = Debug|Any CPU
		{b5902413-c887-0892-7100-f060b7684467}.Debug|Any CPU.Build.0 = Debug|Any CPU
		{da812605-dc46-ca5d-0a36-ed47cd1a87d2}.Debug|Any CPU.ActiveCfg = Debug|Any CPU
		{da812605-dc46-ca5d-0a36-ed47cd1a87d2}.Debug|Any CPU.Build.0 = Debug|Any CPU
		{81f420f2-1a47-97b9-3855-98f07c97bd19}.Debug|Any CPU.ActiveCfg = Debug|Any CPU
		{81f420f2-1a47-97b9-3855-98f07c97bd19}.Debug|Any CPU.Build.0 = Debug|Any CPU
		{08553de0-7740-7998-c6b5-4073c1642f31}.Debug|Any CPU.ActiveCfg = Debug|Any CPU
		{08553de0-7740-7998-c6b5-4073c1642f31}.Debug|Any CPU.Build.0 = Debug|Any CPU
		{442cd1b6-2ccf-c977-3eb4-a523c9373d4d}.Debug|Any CPU.ActiveCfg = Debug|Any CPU
		{442cd1b6-2ccf-c977-3eb4-a523c9373d4d}.Debug|Any CPU.Build.0 = Debug|Any CPU
		{5b25e6ce-5334-afcd-eddb-c85b3c8c8b38}.Debug|Any CPU.ActiveCfg = Debug|Any CPU
		{5b25e6ce-5334-afcd-eddb-c85b3c8c8b38}.Debug|Any CPU.Build.0 = Debug|Any CPU
		{4ee59342-adce-e22f-03e6-149d6f2b8995}.Debug|Any CPU.ActiveCfg = Debug|Any CPU
		{4ee59342-adce-e22f-03e6-149d6f2b8995}.Debug|Any CPU.Build.0 = Debug|Any CPU
		{0761c8fa-f323-3836-56de-6ff3310d0301}.Debug|Any CPU.ActiveCfg = Debug|Any CPU
		{0761c8fa-f323-3836-56de-6ff3310d0301}.Debug|Any CPU.Build.0 = Debug|Any CPU
		{5ed823aa-9efd-9964-3d37-889bcdbaac34}.Debug|Any CPU.ActiveCfg = Debug|Any CPU
		{5ed823aa-9efd-9964-3d37-889bcdbaac34}.Debug|Any CPU.Build.0 = Debug|Any CPU
		{b356fd32-74f6-854a-0033-9e4c3778ee90}.Debug|Any CPU.ActiveCfg = Debug|Any CPU
		{b356fd32-74f6-854a-0033-9e4c3778ee90}.Debug|Any CPU.Build.0 = Debug|Any CPU
		{dc1c3f4d-10cf-7d4f-034c-4a9ec8c1850e}.Debug|Any CPU.ActiveCfg = Debug|Any CPU
		{dc1c3f4d-10cf-7d4f-034c-4a9ec8c1850e}.Debug|Any CPU.Build.0 = Debug|Any CPU
		{30947120-a131-0707-45a7-cf855503fc6d}.Debug|Any CPU.ActiveCfg = Debug|Any CPU
		{30947120-a131-0707-45a7-cf855503fc6d}.Debug|Any CPU.Build.0 = Debug|Any CPU
		{3c635369-1bea-f385-da04-a4ab9a21dafa}.Debug|Any CPU.ActiveCfg = Debug|Any CPU
		{3c635369-1bea-f385-da04-a4ab9a21dafa}.Debug|Any CPU.Build.0 = Debug|Any CPU
		{6fa708d5-7455-941d-a895-978ec3edee47}.Debug|Any CPU.ActiveCfg = Debug|Any CPU
		{6fa708d5-7455-941d-a895-978ec3edee47}.Debug|Any CPU.Build.0 = Debug|Any CPU
		{4b27b3e0-d6c5-d2ec-e76c-8afb1400ae28}.Debug|Any CPU.ActiveCfg = Debug|Any CPU
		{4b27b3e0-d6c5-d2ec-e76c-8afb1400ae28}.Debug|Any CPU.Build.0 = Debug|Any CPU
		{51c25722-0295-7de3-c6d0-beaadb2b6460}.Debug|Any CPU.ActiveCfg = Debug|Any CPU
		{51c25722-0295-7de3-c6d0-beaadb2b6460}.Debug|Any CPU.Build.0 = Debug|Any CPU
		{4980681e-a2dc-112e-5832-51e0aef30f63}.Debug|Any CPU.ActiveCfg = Debug|Any CPU
		{4980681e-a2dc-112e-5832-51e0aef30f63}.Debug|Any CPU.Build.0 = Debug|Any CPU
		{102475a8-5075-b2f8-5c88-419a9749c938}.Debug|Any CPU.ActiveCfg = Debug|Any CPU
		{102475a8-5075-b2f8-5c88-419a9749c938}.Debug|Any CPU.Build.0 = Debug|Any CPU
		{ff09b73f-8c10-e1a6-92fa-d88b76df921f}.Debug|Any CPU.ActiveCfg = Debug|Any CPU
		{ff09b73f-8c10-e1a6-92fa-d88b76df921f}.Debug|Any CPU.Build.0 = Debug|Any CPU
		{c95b60a3-ed3f-92a4-b272-1000d02609dc}.Debug|Any CPU.ActiveCfg = Debug|Any CPU
		{c95b60a3-ed3f-92a4-b272-1000d02609dc}.Debug|Any CPU.Build.0 = Debug|Any CPU
		{ca41cf93-932f-4b7c-6a3f-38bcaf1741b5}.Debug|Any CPU.ActiveCfg = Debug|Any CPU
		{ca41cf93-932f-4b7c-6a3f-38bcaf1741b5}.Debug|Any CPU.Build.0 = Debug|Any CPU
		{2bae7369-c6c5-89f6-87f0-6fea45ac811b}.Debug|Any CPU.ActiveCfg = Debug|Any CPU
		{2bae7369-c6c5-89f6-87f0-6fea45ac811b}.Debug|Any CPU.Build.0 = Debug|Any CPU
		{51f55621-31c1-b09a-3521-94a51e96967e}.Debug|Any CPU.ActiveCfg = Debug|Any CPU
		{51f55621-31c1-b09a-3521-94a51e96967e}.Debug|Any CPU.Build.0 = Debug|Any CPU
		{7c15388a-da2c-b3a8-47fe-82a1060f2f02}.Debug|Any CPU.ActiveCfg = Debug|Any CPU
		{7c15388a-da2c-b3a8-47fe-82a1060f2f02}.Debug|Any CPU.Build.0 = Debug|Any CPU
		{6381a37d-1fda-2cf8-eba5-8d4514658c05}.Debug|Any CPU.ActiveCfg = Debug|Any CPU
		{6381a37d-1fda-2cf8-eba5-8d4514658c05}.Debug|Any CPU.Build.0 = Debug|Any CPU
		{a51d8d7a-e55b-e11e-78b4-791fe35a5d07}.Debug|Any CPU.ActiveCfg = Debug|Any CPU
		{a51d8d7a-e55b-e11e-78b4-791fe35a5d07}.Debug|Any CPU.Build.0 = Debug|Any CPU
		{b4b4d60c-4984-720a-066f-29c9e9f378b3}.Debug|Any CPU.ActiveCfg = Debug|Any CPU
		{b4b4d60c-4984-720a-066f-29c9e9f378b3}.Debug|Any CPU.Build.0 = Debug|Any CPU
		{d77cba2e-01d4-20d3-436f-e41799d4fc57}.Debug|Any CPU.ActiveCfg = Debug|Any CPU
		{d77cba2e-01d4-20d3-436f-e41799d4fc57}.Debug|Any CPU.Build.0 = Debug|Any CPU
		{9574e70f-2bd3-bbeb-43ba-2298d6a7ac2a}.Debug|Any CPU.ActiveCfg = Debug|Any CPU
		{9574e70f-2bd3-bbeb-43ba-2298d6a7ac2a}.Debug|Any CPU.Build.0 = Debug|Any CPU
		{09a46162-ecb7-668e-93b6-68f0b21f6d2b}.Debug|Any CPU.ActiveCfg = Debug|Any CPU
		{09a46162-ecb7-668e-93b6-68f0b21f6d2b}.Debug|Any CPU.Build.0 = Debug|Any CPU
		{97f4698d-ed99-321a-c093-7c684f733341}.Debug|Any CPU.ActiveCfg = Debug|Any CPU
		{97f4698d-ed99-321a-c093-7c684f733341}.Debug|Any CPU.Build.0 = Debug|Any CPU
		{dc869437-3c2d-4525-0ebd-faba81122b98}.Debug|Any CPU.ActiveCfg = Debug|Any CPU
		{dc869437-3c2d-4525-0ebd-faba81122b98}.Debug|Any CPU.Build.0 = Debug|Any CPU
		{df3203a7-d073-b004-8011-70063795c9b8}.Debug|Any CPU.ActiveCfg = Debug|Any CPU
		{df3203a7-d073-b004-8011-70063795c9b8}.Debug|Any CPU.Build.0 = Debug|Any CPU
		{166dcd73-b620-2d34-e5bb-f399a017bd9f}.Debug|Any CPU.ActiveCfg = Debug|Any CPU
		{166dcd73-b620-2d34-e5bb-f399a017bd9f}.Debug|Any CPU.Build.0 = Debug|Any CPU
		{71030d08-24aa-510b-f2c8-1e33d658b415}.Debug|Any CPU.ActiveCfg = Debug|Any CPU
		{71030d08-24aa-510b-f2c8-1e33d658b415}.Debug|Any CPU.Build.0 = Debug|Any CPU
		{18804fa5-fc07-31ca-38d4-65c189061326}.Debug|Any CPU.ActiveCfg = Debug|Any CPU
		{18804fa5-fc07-31ca-38d4-65c189061326}.Debug|Any CPU.Build.0 = Debug|Any CPU
		{46a00105-c39c-e3d0-4107-bada6d0369f9}.Debug|Any CPU.ActiveCfg = Debug|Any CPU
		{46a00105-c39c-e3d0-4107-bada6d0369f9}.Debug|Any CPU.Build.0 = Debug|Any CPU
		{e65fdc09-eed4-bc66-d649-de68b37e598e}.Debug|Any CPU.ActiveCfg = Debug|Any CPU
		{e65fdc09-eed4-bc66-d649-de68b37e598e}.Debug|Any CPU.Build.0 = Debug|Any CPU
		{b50f32f8-fa7d-a80e-38a6-3e99c96e1013}.Debug|Any CPU.ActiveCfg = Debug|Any CPU
		{b50f32f8-fa7d-a80e-38a6-3e99c96e1013}.Debug|Any CPU.Build.0 = Debug|Any CPU
		{823b6d07-2721-cd34-0c32-560763e647f5}.Debug|Any CPU.ActiveCfg = Debug|Any CPU
		{823b6d07-2721-cd34-0c32-560763e647f5}.Debug|Any CPU.Build.0 = Debug|Any CPU
		{31efabf6-e049-da98-8a8b-196cd100e2a3}.Debug|Any CPU.ActiveCfg = Debug|Any CPU
		{31efabf6-e049-da98-8a8b-196cd100e2a3}.Debug|Any CPU.Build.0 = Debug|Any CPU
		{cafcb6b7-14f0-4766-de48-742596e43a17}.Debug|Any CPU.ActiveCfg = Debug|Any CPU
		{cafcb6b7-14f0-4766-de48-742596e43a17}.Debug|Any CPU.Build.0 = Debug|Any CPU
		{f1796b3f-cc02-a3e3-77f9-420b6cf7276e}.Debug|Any CPU.ActiveCfg = Debug|Any CPU
		{f1796b3f-cc02-a3e3-77f9-420b6cf7276e}.Debug|Any CPU.Build.0 = Debug|Any CPU
		{f6ebb233-c3eb-d0a2-82d8-d62440b6efe1}.Debug|Any CPU.ActiveCfg = Debug|Any CPU
		{f6ebb233-c3eb-d0a2-82d8-d62440b6efe1}.Debug|Any CPU.Build.0 = Debug|Any CPU
		{33a7df4e-0cf2-9ad3-0c4e-8ad23350720e}.Debug|Any CPU.ActiveCfg = Debug|Any CPU
		{33a7df4e-0cf2-9ad3-0c4e-8ad23350720e}.Debug|Any CPU.Build.0 = Debug|Any CPU
		{cec0ff67-dcee-fda6-9d77-3de968b3f634}.Debug|Any CPU.ActiveCfg = Debug|Any CPU
		{cec0ff67-dcee-fda6-9d77-3de968b3f634}.Debug|Any CPU.Build.0 = Debug|Any CPU
		{bc5f22fc-f2f3-9fa8-3bfe-e7272300fe2f}.Debug|Any CPU.ActiveCfg = Debug|Any CPU
		{bc5f22fc-f2f3-9fa8-3bfe-e7272300fe2f}.Debug|Any CPU.Build.0 = Debug|Any CPU
		{c7262823-61af-eea4-2f61-66b577c64161}.Debug|Any CPU.ActiveCfg = Debug|Any CPU
		{c7262823-61af-eea4-2f61-66b577c64161}.Debug|Any CPU.Build.0 = Debug|Any CPU
		{e039651c-a56e-b2b2-f3d2-0ff54ae10e98}.Debug|Any CPU.ActiveCfg = Debug|Any CPU
		{e039651c-a56e-b2b2-f3d2-0ff54ae10e98}.Debug|Any CPU.Build.0 = Debug|Any CPU
		{38e4f887-cc39-944b-fc7d-c1a8794d69b1}.Debug|Any CPU.ActiveCfg = Debug|Any CPU
		{38e4f887-cc39-944b-fc7d-c1a8794d69b1}.Debug|Any CPU.Build.0 = Debug|Any CPU
		{abf0ab71-173a-c74f-a720-b277d7921304}.Debug|Any CPU.ActiveCfg = Debug|Any CPU
		{abf0ab71-173a-c74f-a720-b277d7921304}.Debug|Any CPU.Build.0 = Debug|Any CPU
		{0058f44c-e09d-acfa-d4bb-5205592e93b0}.Debug|Any CPU.ActiveCfg = Debug|Any CPU
		{0058f44c-e09d-acfa-d4bb-5205592e93b0}.Debug|Any CPU.Build.0 = Debug|Any CPU
		{464d60f3-e092-fa2c-0fd2-cca77dd5277a}.Debug|Any CPU.ActiveCfg = Debug|Any CPU
		{464d60f3-e092-fa2c-0fd2-cca77dd5277a}.Debug|Any CPU.Build.0 = Debug|Any CPU
		{ea9947c6-1f56-0ea0-6697-a7c4338fbf12}.Debug|Any CPU.ActiveCfg = Debug|Any CPU
		{ea9947c6-1f56-0ea0-6697-a7c4338fbf12}.Debug|Any CPU.Build.0 = Debug|Any CPU
		{eef5a070-3c7c-95b6-a4aa-c1d6ffb5e991}.Debug|Any CPU.ActiveCfg = Debug|Any CPU
		{eef5a070-3c7c-95b6-a4aa-c1d6ffb5e991}.Debug|Any CPU.Build.0 = Debug|Any CPU
		{542e7570-8646-f83b-80fc-a9f2bf35e6a5}.Debug|Any CPU.ActiveCfg = Debug|Any CPU
		{542e7570-8646-f83b-80fc-a9f2bf35e6a5}.Debug|Any CPU.Build.0 = Debug|Any CPU
		{ea71c69b-30b8-3a5b-9d03-17b90c514a4b}.Debug|Any CPU.ActiveCfg = Debug|Any CPU
		{ea71c69b-30b8-3a5b-9d03-17b90c514a4b}.Debug|Any CPU.Build.0 = Debug|Any CPU
		{1afec2d9-f93b-6ffc-ae10-dda9e8e72f22}.Debug|Any CPU.ActiveCfg = Debug|Any CPU
		{1afec2d9-f93b-6ffc-ae10-dda9e8e72f22}.Debug|Any CPU.Build.0 = Debug|Any CPU
		{a2c65efa-9401-87a9-f9fc-a06799aa393c}.Debug|Any CPU.ActiveCfg = Debug|Any CPU
		{a2c65efa-9401-87a9-f9fc-a06799aa393c}.Debug|Any CPU.Build.0 = Debug|Any CPU
		{0df28fb3-537d-51ab-33f7-04749f0db3fb}.Debug|Any CPU.ActiveCfg = Debug|Any CPU
		{0df28fb3-537d-51ab-33f7-04749f0db3fb}.Debug|Any CPU.Build.0 = Debug|Any CPU
		{2da75b3f-aac7-efc8-737f-b497d7f8e64f}.Debug|Any CPU.ActiveCfg = Debug|Any CPU
		{2da75b3f-aac7-efc8-737f-b497d7f8e64f}.Debug|Any CPU.Build.0 = Debug|Any CPU
		{075a2959-dcee-3ed4-eed0-12be92a08f52}.Debug|Any CPU.ActiveCfg = Debug|Any CPU
		{075a2959-dcee-3ed4-eed0-12be92a08f52}.Debug|Any CPU.Build.0 = Debug|Any CPU
		{02b59790-b2b6-27e8-e655-aee80c4bf03c}.Debug|Any CPU.ActiveCfg = Debug|Any CPU
		{02b59790-b2b6-27e8-e655-aee80c4bf03c}.Debug|Any CPU.Build.0 = Debug|Any CPU
		{f66e82e9-0267-7476-a0a9-7f608742f589}.Debug|Any CPU.ActiveCfg = Debug|Any CPU
		{f66e82e9-0267-7476-a0a9-7f608742f589}.Debug|Any CPU.Build.0 = Debug|Any CPU
		{2010ebf1-215a-b274-3a13-70eddd818545}.Debug|Any CPU.ActiveCfg = Debug|Any CPU
		{2010ebf1-215a-b274-3a13-70eddd818545}.Debug|Any CPU.Build.0 = Debug|Any CPU
		{1bb56644-21d9-d941-0da2-1432906f3c5e}.Debug|Any CPU.ActiveCfg = Debug|Any CPU
		{1bb56644-21d9-d941-0da2-1432906f3c5e}.Debug|Any CPU.Build.0 = Debug|Any CPU
		{8f47b5e4-3916-459e-63f7-13f646320d67}.Debug|Any CPU.ActiveCfg = Debug|Any CPU
		{8f47b5e4-3916-459e-63f7-13f646320d67}.Debug|Any CPU.Build.0 = Debug|Any CPU
		{0eccda72-7c8f-bb72-9704-6d4fa01901b3}.Debug|Any CPU.ActiveCfg = Debug|Any CPU
		{0eccda72-7c8f-bb72-9704-6d4fa01901b3}.Debug|Any CPU.Build.0 = Debug|Any CPU
		{c460016e-960b-840e-40b0-9e9c7becd70e}.Debug|Any CPU.ActiveCfg = Debug|Any CPU
		{c460016e-960b-840e-40b0-9e9c7becd70e}.Debug|Any CPU.Build.0 = Debug|Any CPU
		{9e76acb5-3f6b-03a3-8382-af29adf3b232}.Debug|Any CPU.ActiveCfg = Debug|Any CPU
		{9e76acb5-3f6b-03a3-8382-af29adf3b232}.Debug|Any CPU.Build.0 = Debug|Any CPU
		{98d3deb7-4ce5-ffbb-8c2e-07619750ee92}.Debug|Any CPU.ActiveCfg = Debug|Any CPU
		{98d3deb7-4ce5-ffbb-8c2e-07619750ee92}.Debug|Any CPU.Build.0 = Debug|Any CPU
		{79016730-a1a2-9d08-4bf7-501a2e68b2b0}.Debug|Any CPU.ActiveCfg = Debug|Any CPU
		{79016730-a1a2-9d08-4bf7-501a2e68b2b0}.Debug|Any CPU.Build.0 = Debug|Any CPU
		{585bc2da-2bf1-4107-45f5-0b06621fa4ab}.Debug|Any CPU.ActiveCfg = Debug|Any CPU
		{585bc2da-2bf1-4107-45f5-0b06621fa4ab}.Debug|Any CPU.Build.0 = Debug|Any CPU
		{193162b1-d987-b877-46e9-b56ef8291ba5}.Debug|Any CPU.ActiveCfg = Debug|Any CPU
		{193162b1-d987-b877-46e9-b56ef8291ba5}.Debug|Any CPU.Build.0 = Debug|Any CPU
		{7bb5f7ad-a23f-ed6a-8da1-d957a6220c6e}.Debug|Any CPU.ActiveCfg = Debug|Any CPU
		{7bb5f7ad-a23f-ed6a-8da1-d957a6220c6e}.Debug|Any CPU.Build.0 = Debug|Any CPU
		{736f72ae-cd00-d7c3-1466-148645675572}.Debug|Any CPU.ActiveCfg = Debug|Any CPU
		{736f72ae-cd00-d7c3-1466-148645675572}.Debug|Any CPU.Build.0 = Debug|Any CPU
		{9a17c14f-9a27-5271-c093-60f456e7d3cc}.Debug|Any CPU.ActiveCfg = Debug|Any CPU
		{9a17c14f-9a27-5271-c093-60f456e7d3cc}.Debug|Any CPU.Build.0 = Debug|Any CPU
		{bb349eaa-8784-6120-18e6-78fb0c3297f6}.Debug|Any CPU.ActiveCfg = Debug|Any CPU
		{bb349eaa-8784-6120-18e6-78fb0c3297f6}.Debug|Any CPU.Build.0 = Debug|Any CPU
		{2e6b375b-fa75-3658-69af-bfc98186ab0f}.Debug|Any CPU.ActiveCfg = Debug|Any CPU
		{2e6b375b-fa75-3658-69af-bfc98186ab0f}.Debug|Any CPU.Build.0 = Debug|Any CPU
		{b4884a18-c99d-00ca-5e96-acc0c1646ec4}.Debug|Any CPU.ActiveCfg = Debug|Any CPU
		{b4884a18-c99d-00ca-5e96-acc0c1646ec4}.Debug|Any CPU.Build.0 = Debug|Any CPU
		{26ea7a86-0a7a-229b-5c24-de961d113401}.Debug|Any CPU.ActiveCfg = Debug|Any CPU
		{26ea7a86-0a7a-229b-5c24-de961d113401}.Debug|Any CPU.Build.0 = Debug|Any CPU
		{ceb3f69e-3990-4749-000f-b2da1718335c}.Debug|Any CPU.ActiveCfg = Debug|Any CPU
		{ceb3f69e-3990-4749-000f-b2da1718335c}.Debug|Any CPU.Build.0 = Debug|Any CPU
		{984cab33-f239-daba-f4a5-2408c9327039}.Debug|Any CPU.ActiveCfg = Debug|Any CPU
		{984cab33-f239-daba-f4a5-2408c9327039}.Debug|Any CPU.Build.0 = Debug|Any CPU
		{b79b5a15-ec20-23ae-3dee-4c09de91ddc6}.Debug|Any CPU.ActiveCfg = Debug|Any CPU
		{b79b5a15-ec20-23ae-3dee-4c09de91ddc6}.Debug|Any CPU.Build.0 = Debug|Any CPU
		{0969281f-cea9-163a-2428-87be2660d6a9}.Debug|Any CPU.ActiveCfg = Debug|Any CPU
		{0969281f-cea9-163a-2428-87be2660d6a9}.Debug|Any CPU.Build.0 = Debug|Any CPU
		{98e97cce-a50b-c97d-2575-b54c054d45a2}.Debug|Any CPU.ActiveCfg = Debug|Any CPU
		{98e97cce-a50b-c97d-2575-b54c054d45a2}.Debug|Any CPU.Build.0 = Debug|Any CPU
		{be7d81c6-2fad-7d68-be82-b52d01c1800d}.Debug|Any CPU.ActiveCfg = Debug|Any CPU
		{be7d81c6-2fad-7d68-be82-b52d01c1800d}.Debug|Any CPU.Build.0 = Debug|Any CPU
		{1d07cb93-a94c-7ac5-c432-c70432924603}.Debug|Any CPU.ActiveCfg = Debug|Any CPU
		{1d07cb93-a94c-7ac5-c432-c70432924603}.Debug|Any CPU.Build.0 = Debug|Any CPU
		{4e4dafb5-cee4-cb0e-c7c0-9565d40fb98a}.Debug|Any CPU.ActiveCfg = Debug|Any CPU
		{4e4dafb5-cee4-cb0e-c7c0-9565d40fb98a}.Debug|Any CPU.Build.0 = Debug|Any CPU
		{ca7c879e-5922-2645-5d32-6dc998c6d9ba}.Debug|Any CPU.ActiveCfg = Debug|Any CPU
		{ca7c879e-5922-2645-5d32-6dc998c6d9ba}.Debug|Any CPU.Build.0 = Debug|Any CPU
		{b06308a5-21c1-529c-29dc-2ff660a17477}.Debug|Any CPU.ActiveCfg = Debug|Any CPU
		{b06308a5-21c1-529c-29dc-2ff660a17477}.Debug|Any CPU.Build.0 = Debug|Any CPU
		{6554c991-0986-21bf-99a5-437b495e4a45}.Debug|Any CPU.ActiveCfg = Debug|Any CPU
		{6554c991-0986-21bf-99a5-437b495e4a45}.Debug|Any CPU.Build.0 = Debug|Any CPU
		{fb289e65-2394-0d4e-5d10-48e7547c4eae}.Debug|Any CPU.ActiveCfg = Debug|Any CPU
		{fb289e65-2394-0d4e-5d10-48e7547c4eae}.Debug|Any CPU.Build.0 = Debug|Any CPU
		{8e763789-61d5-63bb-c3b5-704c96bc6b87}.Debug|Any CPU.ActiveCfg = Debug|Any CPU
		{8e763789-61d5-63bb-c3b5-704c96bc6b87}.Debug|Any CPU.Build.0 = Debug|Any CPU
		{6f2ba5ee-0193-494b-72a2-abf976a9d5b4}.Debug|Any CPU.ActiveCfg = Debug|Any CPU
		{6f2ba5ee-0193-494b-72a2-abf976a9d5b4}.Debug|Any CPU.Build.0 = Debug|Any CPU
		{e6642ad1-9727-e722-451d-47d25022f4df}.Debug|Any CPU.ActiveCfg = Debug|Any CPU
		{e6642ad1-9727-e722-451d-47d25022f4df}.Debug|Any CPU.Build.0 = Debug|Any CPU
		{c4458745-ecdf-dddb-2010-e308751d01bd}.Debug|Any CPU.ActiveCfg = Debug|Any CPU
		{c4458745-ecdf-dddb-2010-e308751d01bd}.Debug|Any CPU.Build.0 = Debug|Any CPU
		{c61c5780-e7fc-6c7d-a527-6453d39aae51}.Debug|Any CPU.ActiveCfg = Debug|Any CPU
		{c61c5780-e7fc-6c7d-a527-6453d39aae51}.Debug|Any CPU.Build.0 = Debug|Any CPU
		{cdb3c1ff-36db-a4e0-9b02-b6d923f8b1f6}.Debug|Any CPU.ActiveCfg = Debug|Any CPU
		{cdb3c1ff-36db-a4e0-9b02-b6d923f8b1f6}.Debug|Any CPU.Build.0 = Debug|Any CPU
		{e5aee322-ddc4-b0bb-c03e-a0efedaf6bc3}.Debug|Any CPU.ActiveCfg = Debug|Any CPU
		{e5aee322-ddc4-b0bb-c03e-a0efedaf6bc3}.Debug|Any CPU.Build.0 = Debug|Any CPU
		{9545385e-598e-249b-31b1-1f59c4a9ca2a}.Debug|Any CPU.ActiveCfg = Debug|Any CPU
		{9545385e-598e-249b-31b1-1f59c4a9ca2a}.Debug|Any CPU.Build.0 = Debug|Any CPU
		{4bd6bf85-da69-96ef-2cc9-0c3be5e25a0c}.Debug|Any CPU.ActiveCfg = Debug|Any CPU
		{4bd6bf85-da69-96ef-2cc9-0c3be5e25a0c}.Debug|Any CPU.Build.0 = Debug|Any CPU
		{ede05d9c-c3d0-6ddb-e290-f00ff3388d3a}.Debug|Any CPU.ActiveCfg = Debug|Any CPU
		{ede05d9c-c3d0-6ddb-e290-f00ff3388d3a}.Debug|Any CPU.Build.0 = Debug|Any CPU
		{337fcfdf-4189-64b3-882c-ac86b06eaf56}.Debug|Any CPU.ActiveCfg = Debug|Any CPU
		{337fcfdf-4189-64b3-882c-ac86b06eaf56}.Debug|Any CPU.Build.0 = Debug|Any CPU
		{1a1e342f-3a8b-8e0f-54ef-b9fd513866b0}.Debug|Any CPU.ActiveCfg = Debug|Any CPU
		{1a1e342f-3a8b-8e0f-54ef-b9fd513866b0}.Debug|Any CPU.Build.0 = Debug|Any CPU
		{c4f31c54-a3e7-b81d-79bc-4cd77f74eee0}.Debug|Any CPU.ActiveCfg = Debug|Any CPU
		{c4f31c54-a3e7-b81d-79bc-4cd77f74eee0}.Debug|Any CPU.Build.0 = Debug|Any CPU
	EndGlobalSection
	GlobalSection(SolutionProperties) = preSolution
		HideSolutionNode = FALSE
	EndGlobalSection
EndGlobal
