
Microsoft Visual Studio Solution File, Format Version 11.00
# Visual Studio 2010
Project("{FAE04EC0-301F-11D3-BF4B-00C04F79EFBC}") = "Unity.Timeline", "Unity.Timeline.csproj", "{ee1534c9-3ac9-951c-0bc9-ceac6720ee8c}"
EndProject
Project("{FAE04EC0-301F-11D3-BF4B-00C04F79EFBC}") = "Unity.Multiplayer.Tools.NetStatsMonitor.Implementation", "Unity.Multiplayer.Tools.NetStatsMonitor.Implementation.csproj", "{80986d2b-b03c-ff9c-662c-26c3bd508562}"
EndProject
Project("{FAE04EC0-301F-11D3-BF4B-00C04F79EFBC}") = "Unity.Multiplayer.Tools.NetStats", "Unity.Multiplayer.Tools.NetStats.csproj", "{04a03f1a-31ec-a050-7940-4b004cdb3e31}"
EndProject
Project("{FAE04EC0-301F-11D3-BF4B-00C04F79EFBC}") = "Unity.Timeline.Editor", "Unity.Timeline.Editor.csproj", "{cb3565ba-25b7-16d1-f043-a63dc640d28b}"
EndProject
Project("{FAE04EC0-301F-11D3-BF4B-00C04F79EFBC}") = "Unity.Services.Multiplay.Wire.Internal", "Unity.Services.Multiplay.Wire.Internal.csproj", "{73dc6619-6914-9988-32bf-358c10547eb1}"
EndProject
Project("{FAE04EC0-301F-11D3-BF4B-00C04F79EFBC}") = "Unity.TextMeshPro.Editor", "Unity.TextMeshPro.Editor.csproj", "{43a2e4ab-37de-b689-b0d9-69cafb4d5157}"
EndProject
Project("{FAE04EC0-301F-11D3-BF4B-00C04F79EFBC}") = "Unity.Multiplayer.Tools.Common", "Unity.Multiplayer.Tools.Common.csproj", "{8c04f4d4-1bbb-a283-64e3-bd9d0e479934}"
EndProject
Project("{FAE04EC0-301F-11D3-BF4B-00C04F79EFBC}") = "Unity.Services.Core.Internal", "Unity.Services.Core.Internal.csproj", "{bea2bf27-20e7-aa82-c121-e02bb3773cd9}"
EndProject
Project("{FAE04EC0-301F-11D3-BF4B-00C04F79EFBC}") = "Unity.Multiplayer.Tools.NetStatsMonitor.Configuration", "Unity.Multiplayer.Tools.NetStatsMonitor.Configuration.csproj", "{d586da06-f1e8-5f9d-f038-b398f6792bb2}"
EndProject
Project("{FAE04EC0-301F-11D3-BF4B-00C04F79EFBC}") = "UnityEditor.UI", "UnityEditor.UI.csproj", "{a207be23-b9fc-2d66-048b-3902ac3f229a}"
EndProject
Project("{FAE04EC0-301F-11D3-BF4B-00C04F79EFBC}") = "Unity.Multiplayer.Tools.MetricTypes", "Unity.Multiplayer.Tools.MetricTypes.csproj", "{6bd71c7b-0946-4a83-94c8-df8212156c8d}"
EndProject
Project("{FAE04EC0-301F-11D3-BF4B-00C04F79EFBC}") = "Unity.Tutorials.Core.Editor", "Unity.Tutorials.Core.Editor.csproj", "{9ee86e83-2833-d528-e01b-c313c8da885e}"
EndProject
Project("{FAE04EC0-301F-11D3-BF4B-00C04F79EFBC}") = "Unity.ProBuilder", "Unity.ProBuilder.csproj", "{50eb8abb-4a2f-5d19-58bc-9f4f21346cfc}"
EndProject
Project("{FAE04EC0-301F-11D3-BF4B-00C04F79EFBC}") = "Unity.PlasticSCM.Editor", "Unity.PlasticSCM.Editor.csproj", "{487c4cc7-be96-a9f9-5913-6e36280593dd}"
EndProject
Project("{FAE04EC0-301F-11D3-BF4B-00C04F79EFBC}") = "Unity.Services.QoS", "Unity.Services.QoS.csproj", "{e2789830-6367-104f-98bb-2e449e147931}"
EndProject
Project("{FAE04EC0-301F-11D3-BF4B-00C04F79EFBC}") = "Unity.ProBuilder.Editor", "Unity.ProBuilder.Editor.csproj", "{f81daf11-92be-1f1d-47c9-b907a6a1d4d3}"
EndProject
Project("{FAE04EC0-301F-11D3-BF4B-00C04F79EFBC}") = "Unity.Mathematics", "Unity.Mathematics.csproj", "{4fe228ca-e747-81e3-e29e-25b5459e22c4}"
EndProject
Project("{FAE04EC0-301F-11D3-BF4B-00C04F79EFBC}") = "KartGame", "KartGame.csproj", "{25039238-1d93-9db2-1314-8ae5e8b22b85}"
EndProject
Project("{FAE04EC0-301F-11D3-BF4B-00C04F79EFBC}") = "Cinemachine", "Cinemachine.csproj", "{65135a48-364a-b375-59cf-1f6140ded2dd}"
EndProject
Project("{FAE04EC0-301F-11D3-BF4B-00C04F79EFBC}") = "Unity.Services.Matchmaker", "Unity.Services.Matchmaker.csproj", "{b09d369e-434a-993b-6256-c2b03ec361b1}"
EndProject
Project("{FAE04EC0-301F-11D3-BF4B-00C04F79EFBC}") = "Unity.Services.Relay", "Unity.Services.Relay.csproj", "{025ea7ed-077f-c78d-f133-b3eb797c9f49}"
EndProject
Project("{FAE04EC0-301F-11D3-BF4B-00C04F79EFBC}") = "Unity.Multiplayer.Tools.NetStatsMonitor.Editor", "Unity.Multiplayer.Tools.NetStatsMonitor.Editor.csproj", "{e101ed1a-76c2-1255-9208-6423837e5f40}"
EndProject
Project("{FAE04EC0-301F-11D3-BF4B-00C04F79EFBC}") = "UnityEditor.TestRunner", "UnityEditor.TestRunner.csproj", "{c9d0ab7c-e861-c73e-fb1b-1edffd2c7e8d}"
EndProject
Project("{FAE04EC0-301F-11D3-BF4B-00C04F79EFBC}") = "Unity.Barracuda", "Unity.Barracuda.csproj", "{0b5edb06-aaf4-526c-39ef-745bdb9c1738}"
EndProject
Project("{FAE04EC0-301F-11D3-BF4B-00C04F79EFBC}") = "Unity.ProBuilder.Poly2Tri", "Unity.ProBuilder.Poly2Tri.csproj", "{ff0306cc-3812-6f5d-e6ec-183da941e9fd}"
EndProject
Project("{FAE04EC0-301F-11D3-BF4B-00C04F79EFBC}") = "Unity.Networking.Transport", "Unity.Networking.Transport.csproj", "{bdd54dc5-a515-27f2-df2f-b7b59c7faa94}"
EndProject
Project("{FAE04EC0-301F-11D3-BF4B-00C04F79EFBC}") = "Unity.Multiplayer.Tools.NetworkProfiler.Tests.Editor", "Unity.Multiplayer.Tools.NetworkProfiler.Tests.Editor.csproj", "{d1476d8d-c4fe-f441-6c36-ac3ef2889734}"
EndProject
Project("{FAE04EC0-301F-11D3-BF4B-00C04F79EFBC}") = "UnityEngine.TestRunner", "UnityEngine.TestRunner.csproj", "{e0fa6821-ee30-d898-0ebd-af57a328b41f}"
EndProject
Project("{FAE04EC0-301F-11D3-BF4B-00C04F79EFBC}") = "Unity.Services.Multiplay", "Unity.Services.Multiplay.csproj", "{38ab37d0-75f3-7a8e-7898-e1c5e9788a8c}"
EndProject
Project("{FAE04EC0-301F-11D3-BF4B-00C04F79EFBC}") = "Unity.Multiplayer.Tools.NetStats.Tests.Editor", "Unity.Multiplayer.Tools.NetStats.Tests.Editor.csproj", "{d22b58e4-b4d9-4023-042f-10fbb8778a58}"
EndProject
Project("{FAE04EC0-301F-11D3-BF4B-00C04F79EFBC}") = "Unity.Burst", "Unity.Burst.csproj", "{9b6100d4-1255-637f-25cc-d3377f3cc6c9}"
EndProject
Project("{FAE04EC0-301F-11D3-BF4B-00C04F79EFBC}") = "Unity.Multiplayer.Tools.Common.Tests", "Unity.Multiplayer.Tools.Common.Tests.csproj", "{2e4b30aa-cf1b-9c03-a9b7-0d89c995aae9}"
EndProject
Project("{FAE04EC0-301F-11D3-BF4B-00C04F79EFBC}") = "Unity.Services.Core.Environments.Editor", "Unity.Services.Core.Environments.Editor.csproj", "{af041075-5560-1439-6832-b3e2f4819983}"
EndProject
Project("{FAE04EC0-301F-11D3-BF4B-00C04F79EFBC}") = "Unity.Netcode.Runtime", "Unity.Netcode.Runtime.csproj", "{88fe8984-2ed5-79b4-f42f-230e6b127af7}"
EndProject
Project("{FAE04EC0-301F-11D3-BF4B-00C04F79EFBC}") = "Unity.Multiplayer.Tools.NetworkProfiler.Editor", "Unity.Multiplayer.Tools.NetworkProfiler.Editor.csproj", "{0579ccd8-9a61-bfe9-82bb-3f7ee91b60e4}"
EndProject
Project("{FAE04EC0-301F-11D3-BF4B-00C04F79EFBC}") = "Unity.Services.Authentication.Server", "Unity.Services.Authentication.Server.csproj", "{a8071507-4829-d44b-06e8-e91d8e9a1460}"
EndProject
Project("{FAE04EC0-301F-11D3-BF4B-00C04F79EFBC}") = "Assembly-CSharp", "Assembly-CSharp.csproj", "{aa33d18b-fc96-e103-c1ac-fd63c8d749ab}"
EndProject
Project("{FAE04EC0-301F-11D3-BF4B-00C04F79EFBC}") = "Unity.Services.Core.Editor", "Unity.Services.Core.Editor.csproj", "{d0003d09-88c4-5141-2142-c5eb67493263}"
EndProject
Project("{FAE04EC0-301F-11D3-BF4B-00C04F79EFBC}") = "UnityEngine.UI", "UnityEngine.UI.csproj", "{385861ec-4a6f-f0e9-e98a-18412ec616b8}"
EndProject
Project("{FAE04EC0-301F-11D3-BF4B-00C04F79EFBC}") = "Unity.Services.Matchmaker.Authoring.Core", "Unity.Services.Matchmaker.Authoring.Core.csproj", "{8e189068-a399-5d9a-df64-2ce5b7635460}"
EndProject
Project("{FAE04EC0-301F-11D3-BF4B-00C04F79EFBC}") = "Unity.ProBuilder.Csg", "Unity.ProBuilder.Csg.csproj", "{9c1b7909-9d6c-16e8-95ad-ae77debab697}"
EndProject
Project("{FAE04EC0-301F-11D3-BF4B-00C04F79EFBC}") = "Unity.AI.Navigation.Editor", "Unity.AI.Navigation.Editor.csproj", "{d8bc15e1-1651-5f77-d189-423c82ed3dc2}"
EndProject
Project("{FAE04EC0-301F-11D3-BF4B-00C04F79EFBC}") = "Unity.Services.Authentication.Editor", "Unity.Services.Authentication.Editor.csproj", "{d9c6a9e6-8b6e-6d24-1a20-3dc5f5ad64d0}"
EndProject
Project("{FAE04EC0-301F-11D3-BF4B-00C04F79EFBC}") = "Unity.Collections", "Unity.Collections.csproj", "{f5b28e69-7b9e-2bb7-9f9c-c3fcc08e4d54}"
EndProject
Project("{FAE04EC0-301F-11D3-BF4B-00C04F79EFBC}") = "Unity.Services.Wire.Internal", "Unity.Services.Wire.Internal.csproj", "{70bd607a-28d5-34f4-9888-d1cc10bcb86c}"
EndProject
Project("{FAE04EC0-301F-11D3-BF4B-00C04F79EFBC}") = "unity-websocket-sharp", "unity-websocket-sharp.csproj", "{96976f4b-6268-db37-8645-17429bb8211e}"
EndProject
Project("{FAE04EC0-301F-11D3-BF4B-00C04F79EFBC}") = "Unity.VisualStudio.Editor", "Unity.VisualStudio.Editor.csproj", "{677256c0-644e-9792-6614-42201480366c}"
EndProject
Project("{FAE04EC0-301F-11D3-BF4B-00C04F79EFBC}") = "Unity.Services.Authentication", "Unity.Services.Authentication.csproj", "{815526ea-3894-d376-b9e5-26e0952e3fe4}"
EndProject
Project("{FAE04EC0-301F-11D3-BF4B-00C04F79EFBC}") = "com.unity.cinemachine.editor", "com.unity.cinemachine.editor.csproj", "{8e43e930-3ba3-31e6-517a-2032566520ff}"
EndProject
Project("{FAE04EC0-301F-11D3-BF4B-00C04F79EFBC}") = "Unity.Netcode.Components", "Unity.Netcode.Components.csproj", "{ecae6404-5c58-6aaa-7702-33edaafb06b0}"
EndProject
Project("{FAE04EC0-301F-11D3-BF4B-00C04F79EFBC}") = "Unity.InternalAPIEditorBridge.007", "Unity.InternalAPIEditorBridge.007.csproj", "{7bf9a5ca-165a-4689-dee4-41f4d2c54b56}"
EndProject
Project("{FAE04EC0-301F-11D3-BF4B-00C04F79EFBC}") = "Unity.Rider.Editor", "Unity.Rider.Editor.csproj", "{e16fc667-3a11-745f-050b-abe1054b25b2}"
EndProject
Project("{FAE04EC0-301F-11D3-BF4B-00C04F79EFBC}") = "Unity.Postprocessing.Runtime", "Unity.Postprocessing.Runtime.csproj", "{f205078f-b792-4569-bb5c-441e8395889d}"
EndProject
Project("{FAE04EC0-301F-11D3-BF4B-00C04F79EFBC}") = "Unity.Services.Core.Environments.Internal", "Unity.Services.Core.Environments.Internal.csproj", "{afa20f60-7ac4-2315-8e17-14dcb28c0a55}"
EndProject
Project("{FAE04EC0-301F-11D3-BF4B-00C04F79EFBC}") = "Unity.Services.Multiplay.Sqp", "Unity.Services.Multiplay.Sqp.csproj", "{2b84e30e-016f-1c8f-7e9c-5eba8fee34e9}"
EndProject
Project("{FAE04EC0-301F-11D3-BF4B-00C04F79EFBC}") = "Unity.Multiplayer.Tools.NetStatsMonitor.Tests.Implementation", "Unity.Multiplayer.Tools.NetStatsMonitor.Tests.Implementation.csproj", "{defd49ac-880a-ab72-a751-c6780bcfc906}"
EndProject
Project("{FAE04EC0-301F-11D3-BF4B-00C04F79EFBC}") = "Unity.Multiplayer.Tools.Adapters", "Unity.Multiplayer.Tools.Adapters.csproj", "{ec118224-7acc-e4de-2715-8865efe8754d}"
EndProject
Project("{FAE04EC0-301F-11D3-BF4B-00C04F79EFBC}") = "Unity.Netcode.Editor.CodeGen", "Unity.Netcode.Editor.CodeGen.csproj", "{4ef9889e-1b33-0534-d30f-86843e8f29e5}"
EndProject
Project("{FAE04EC0-301F-11D3-BF4B-00C04F79EFBC}") = "Unity.Services.Core.Telemetry", "Unity.Services.Core.Telemetry.csproj", "{7883cbc2-b3f8-f77b-35b4-63655a0b6d70}"
EndProject
Project("{FAE04EC0-301F-11D3-BF4B-00C04F79EFBC}") = "Unity.AI.Navigation", "Unity.AI.Navigation.csproj", "{fb61e1a2-3f93-935a-551e-d67ab78226fe}"
EndProject
Project("{FAE04EC0-301F-11D3-BF4B-00C04F79EFBC}") = "Unity.Multiplayer.Tools.NetworkProfiler.Runtime", "Unity.Multiplayer.Tools.NetworkProfiler.Runtime.csproj", "{80f1cbbc-9f04-4390-7120-99fbfe545fb7}"
EndProject
Project("{FAE04EC0-301F-11D3-BF4B-00C04F79EFBC}") = "ParrelSync", "ParrelSync.csproj", "{dffca055-1846-c265-674e-5d6868267975}"
EndProject
Project("{FAE04EC0-301F-11D3-BF4B-00C04F79EFBC}") = "Unity.Services.Core.Configuration", "Unity.Services.Core.Configuration.csproj", "{fdf45fde-df01-0369-2cbd-cfe32ab9cc01}"
EndProject
Project("{FAE04EC0-301F-11D3-BF4B-00C04F79EFBC}") = "Unity.AI.Navigation.Editor.ConversionSystem", "Unity.AI.Navigation.Editor.ConversionSystem.csproj", "{fd60c31b-6b94-9faf-ccb2-5e2f356f339c}"
EndProject
Project("{FAE04EC0-301F-11D3-BF4B-00C04F79EFBC}") = "Unity.Burst.CodeGen", "Unity.Burst.CodeGen.csproj", "{8b6502fd-b6e9-6e8e-c9e2-038454513925}"
EndProject
Project("{FAE04EC0-301F-11D3-BF4B-00C04F79EFBC}") = "Unity.Services.Core.Configuration.Editor", "Unity.Services.Core.Configuration.Editor.csproj", "{4733c1d4-48a4-697a-63e4-f9d5906a47d1}"
EndProject
Project("{FAE04EC0-301F-11D3-BF4B-00C04F79EFBC}") = "Unity.Services.Core", "Unity.Services.Core.csproj", "{a32c6c0a-26e6-bdfe-d276-5199b6bd6bc4}"
EndProject
Project("{FAE04EC0-301F-11D3-BF4B-00C04F79EFBC}") = "Unity.Postprocessing.Editor", "Unity.Postprocessing.Editor.csproj", "{6da2e8a2-6e18-f564-574a-790e6080e322}"
EndProject
Project("{FAE04EC0-301F-11D3-BF4B-00C04F79EFBC}") = "Unity.Barracuda.ONNX", "Unity.Barracuda.ONNX.csproj", "{5f5d5361-0acd-f3ef-af22-28077aea0e85}"
EndProject
Project("{FAE04EC0-301F-11D3-BF4B-00C04F79EFBC}") = "Unity.TextMeshPro", "Unity.TextMeshPro.csproj", "{12a72898-c956-d27a-7525-f20ce837c5ad}"
EndProject
Project("{FAE04EC0-301F-11D3-BF4B-00C04F79EFBC}") = "Unity.Services.Core.Networking", "Unity.Services.Core.Networking.csproj", "{a5474434-65b5-bbe6-934f-94762f890858}"
EndProject
Project("{FAE04EC0-301F-11D3-BF4B-00C04F79EFBC}") = "Unity.Barracuda.MacBLAS", "Unity.Barracuda.MacBLAS.csproj", "{e3ed0ce1-fbf7-391a-4123-42db096602e1}"
EndProject
Project("{FAE04EC0-301F-11D3-BF4B-00C04F79EFBC}") = "Unity.Services.Core.Scheduler", "Unity.Services.Core.Scheduler.csproj", "{78c46463-114a-6142-1ccf-cef05bfb0594}"
EndProject
Project("{FAE04EC0-301F-11D3-BF4B-00C04F79EFBC}") = "Unity.Multiplayer.Samples.Utilities", "Unity.Multiplayer.Samples.Utilities.csproj", "{8f11c0fa-1b29-40d1-47af-bbc9ef233e31}"
EndProject
Project("{FAE04EC0-301F-11D3-BF4B-00C04F79EFBC}") = "Unity.Multiplayer.Tools.MetricTestData", "Unity.Multiplayer.Tools.MetricTestData.csproj", "{59c31c02-dca2-9e91-9d3b-b2fbdddfffd1}"
EndProject
Project("{FAE04EC0-301F-11D3-BF4B-00C04F79EFBC}") = "Unity.Multiplayer.Tools.NetStatsMonitor.Component", "Unity.Multiplayer.Tools.NetStatsMonitor.Component.csproj", "{293eae17-cc18-199c-39a1-7d7d6a43c36c}"
EndProject
Project("{FAE04EC0-301F-11D3-BF4B-00C04F79EFBC}") = "Unity.Multiplayer.Tools.Initialization", "Unity.Multiplayer.Tools.Initialization.csproj", "{5cec2974-1b7c-0ed9-9e39-7f39b69870e2}"
EndProject
Project("{FAE04EC0-301F-11D3-BF4B-00C04F79EFBC}") = "Unity.VSCode.Editor", "Unity.VSCode.Editor.csproj", "{669fefb2-40ef-743e-bf69-dadb4b32b80a}"
EndProject
Project("{FAE04EC0-301F-11D3-BF4B-00C04F79EFBC}") = "Unity.Play.Publisher.Editor", "Unity.Play.Publisher.Editor.csproj", "{35c65f1b-b085-c73f-8f40-30c04115e741}"
EndProject
Project("{FAE04EC0-301F-11D3-BF4B-00C04F79EFBC}") = "Unity.Netcode.Editor", "Unity.Netcode.Editor.csproj", "{27d05c56-d9bd-8221-7295-9fa4eb97c3af}"
EndProject
Project("{FAE04EC0-301F-11D3-BF4B-00C04F79EFBC}") = "Unity.Multiplayer.Tools.MetricTypes.Tests.Editor", "Unity.Multiplayer.Tools.MetricTypes.Tests.Editor.csproj", "{690d7624-61f5-4ac5-eeea-916fb4ec43ba}"
EndProject
Project("{FAE04EC0-301F-11D3-BF4B-00C04F79EFBC}") = "Unity.Burst.Editor", "Unity.Burst.Editor.csproj", "{9050090a-54d2-23ff-607a-6423ecd0f38d}"
EndProject
Project("{FAE04EC0-301F-11D3-BF4B-00C04F79EFBC}") = "Unity.Sysroot.Linux_x86_64", "Unity.Sysroot.Linux_x86_64.csproj", "{ef2408c7-ed88-becc-3ad3-233f589fb284}"
EndProject
Project("{FAE04EC0-301F-11D3-BF4B-00C04F79EFBC}") = "Unity.Barracuda.Editor", "Unity.Barracuda.Editor.csproj", "{4c4e1fb9-4725-eb0e-38d0-7ef0fbdb63e8}"
EndProject
Project("{FAE04EC0-301F-11D3-BF4B-00C04F79EFBC}") = "Unity.AI.Navigation.Updater", "Unity.AI.Navigation.Updater.csproj", "{5c101d44-cab1-cc87-aeb6-7dc3c96dc33d}"
EndProject
Project("{FAE04EC0-301F-11D3-BF4B-00C04F79EFBC}") = "Unity.InternalAPIEditorBridgeDev.001", "Unity.InternalAPIEditorBridgeDev.001.csproj", "{5c587646-9a68-bca5-73ed-4bb95c42a0a8}"
EndProject
Project("{FAE04EC0-301F-11D3-BF4B-00C04F79EFBC}") = "Unity.Multiplayer.Tools.Adapters.Ngo1", "Unity.Multiplayer.Tools.Adapters.Ngo1.csproj", "{aa79a002-5a26-a739-acf0-2863216bb1a4}"
EndProject
Project("{FAE04EC0-301F-11D3-BF4B-00C04F79EFBC}") = "Unity.Multiplayer.Tools.Editor", "Unity.Multiplayer.Tools.Editor.csproj", "{bcf75538-b90b-0730-c416-c8bbf2ccfb88}"
EndProject
Project("{FAE04EC0-301F-11D3-BF4B-00C04F79EFBC}") = "Unity.ProBuilder.Stl", "Unity.ProBuilder.Stl.csproj", "{8253c068-c894-759f-b2ea-f1c865509608}"
EndProject
Project("{FAE04EC0-301F-11D3-BF4B-00C04F79EFBC}") = "Unity.Settings.Editor", "Unity.Settings.Editor.csproj", "{dd1d4229-72b1-31e1-0e33-a6e51e8de084}"
EndProject
Project("{FAE04EC0-301F-11D3-BF4B-00C04F79EFBC}") = "Unity.InternalAPIEngineBridge.007", "Unity.InternalAPIEngineBridge.007.csproj", "{e4575f54-f9b1-c3ee-a433-b87f1133ea77}"
EndProject
Project("{FAE04EC0-301F-11D3-BF4B-00C04F79EFBC}") = "Unity.Networking.Editor", "Unity.Networking.Editor.csproj", "{cf1825fd-7a91-dd8c-f43a-0f0646522dfc}"
EndProject
Project("{FAE04EC0-301F-11D3-BF4B-00C04F79EFBC}") = "Unity.Multiplayer.Tools.NetStatsReporting", "Unity.Multiplayer.Tools.NetStatsReporting.csproj", "{a5d62ef8-8c78-669a-ce0a-69117da4d083}"
EndProject
Project("{FAE04EC0-301F-11D3-BF4B-00C04F79EFBC}") = "Unity.Services.Authentication.Editor.Shared", "Unity.Services.Authentication.Editor.Shared.csproj", "{490fd307-e525-92f2-3344-977d4a2c14a9}"
EndProject
Project("{FAE04EC0-301F-11D3-BF4B-00C04F79EFBC}") = "Unity.Multiplayer.Tools.NetStats.CodeGen", "Unity.Multiplayer.Tools.NetStats.CodeGen.csproj", "{a17b28cb-2cb6-9cb8-a727-96557304896f}"
EndProject
Project("{FAE04EC0-301F-11D3-BF4B-00C04F79EFBC}") = "Unity.ProBuilder.AssetIdRemapUtility", "Unity.ProBuilder.AssetIdRemapUtility.csproj", "{633ae30a-9e55-ba0e-2f21-32d582e49133}"
EndProject
Project("{FAE04EC0-301F-11D3-BF4B-00C04F79EFBC}") = "Unity.Services.Core.Registration", "Unity.Services.Core.Registration.csproj", "{4942ebb3-37a8-6019-8922-c8e026a783d5}"
EndProject
Project("{FAE04EC0-301F-11D3-BF4B-00C04F79EFBC}") = "Unity.Services.Core.Analytics", "Unity.Services.Core.Analytics.csproj", "{a2e987fa-1cf2-51a9-ea02-b73b0933e6d5}"
EndProject
Project("{FAE04EC0-301F-11D3-BF4B-00C04F79EFBC}") = "Unity.ProBuilder.KdTree", "Unity.ProBuilder.KdTree.csproj", "{14e63912-111d-63b9-08b8-8fa21018167d}"
EndProject
Project("{FAE04EC0-301F-11D3-BF4B-00C04F79EFBC}") = "Unity.Profiling.Core", "Unity.Profiling.Core.csproj", "{2e5c8a49-f848-d692-d16c-8085c63b2b11}"
EndProject
Project("{FAE04EC0-301F-11D3-BF4B-00C04F79EFBC}") = "Unity.Multiplayer.Tools.NetworkSolutionInterface", "Unity.Multiplayer.Tools.NetworkSolutionInterface.csproj", "{90e5d35b-eb75-7d77-0c16-13295de765c0}"
EndProject
Project("{FAE04EC0-301F-11D3-BF4B-00C04F79EFBC}") = "Unity.Services.Core.Threading", "Unity.Services.Core.Threading.csproj", "{625f68ad-1346-b035-1f0c-e49186f29956}"
EndProject
Project("{FAE04EC0-301F-11D3-BF4B-00C04F79EFBC}") = "Unity.Multiplayer.Tools.Tests.Editor", "Unity.Multiplayer.Tools.Tests.Editor.csproj", "{9c635be0-aa27-35d0-344b-16fea3db3d66}"
EndProject
Project("{FAE04EC0-301F-11D3-BF4B-00C04F79EFBC}") = "Unity.Microgame.Tutorials", "Unity.Microgame.Tutorials.csproj", "{94f51ea6-0ae1-39be-ff9a-b69c537efd39}"
EndProject
Project("{FAE04EC0-301F-11D3-BF4B-00C04F79EFBC}") = "Unity.ProBuilder.AddOns.Editor", "Unity.ProBuilder.AddOns.Editor.csproj", "{97ebe0c4-9861-d466-ec66-25f0decca05b}"
EndProject
Project("{FAE04EC0-301F-11D3-BF4B-00C04F79EFBC}") = "Unity.Multiplayer.Tools.NetStatsMonitor.Tests.Interface", "Unity.Multiplayer.Tools.NetStatsMonitor.Tests.Interface.csproj", "{f1c3ea50-ada1-eeb7-c926-7fc9de207ab5}"
EndProject
Project("{FAE04EC0-301F-11D3-BF4B-00C04F79EFBC}") = "Unity.EditorCoroutines.Editor", "Unity.EditorCoroutines.Editor.csproj", "{784b0ef7-237a-29af-4860-ef4b752df6e0}"
EndProject
Project("{FAE04EC0-301F-11D3-BF4B-00C04F79EFBC}") = "Unity.Mathematics.Editor", "Unity.Mathematics.Editor.csproj", "{9e025c6b-8fa2-3c33-f755-3c79446e2f27}"
EndProject
Project("{FAE04EC0-301F-11D3-BF4B-00C04F79EFBC}") = "Unity.Multiplayer.Samples.Utilities.RNSM", "Unity.Multiplayer.Samples.Utilities.RNSM.csproj", "{dd93294d-88e8-16cc-e482-1299ecbf1535}"
EndProject
Project("{FAE04EC0-301F-11D3-BF4B-00C04F79EFBC}") = "Unity.Services.Core.Device", "Unity.Services.Core.Device.csproj", "{428579d3-98e0-1002-81cc-9818253830e9}"
EndProject
Project("{FAE04EC0-301F-11D3-BF4B-00C04F79EFBC}") = "Unity.Tutorials.Core", "Unity.Tutorials.Core.csproj", "{f6fd9204-2394-1a11-14d1-6e1632862f46}"
EndProject
Project("{FAE04EC0-301F-11D3-BF4B-00C04F79EFBC}") = "Unity.Multiplayer.Samples.Utilities.ClientAuthority", "Unity.Multiplayer.Samples.Utilities.ClientAuthority.csproj", "{66432cf7-6224-be3b-da6d-65633a4ad489}"
EndProject
Project("{FAE04EC0-301F-11D3-BF4B-00C04F79EFBC}") = "Unity.Multiplayer.Tools.MetricEvents", "Unity.Multiplayer.Tools.MetricEvents.csproj", "{ce2250e2-9511-fa18-c81d-2e2eadbe0b69}"
EndProject
Project("{FAE04EC0-301F-11D3-BF4B-00C04F79EFBC}") = "Unity.Services.Core.Environments", "Unity.Services.Core.Environments.csproj", "{bf454dfb-48db-f5e7-082d-5272bc61757e}"
EndProject
Project("{FAE04EC0-301F-11D3-BF4B-00C04F79EFBC}") = "Unity.Services.Wire.Editor", "Unity.Services.Wire.Editor.csproj", "{12b42ec6-2b5e-d9fb-552b-b805ae9b9c08}"
EndProject
Project("{FAE04EC0-301F-11D3-BF4B-00C04F79EFBC}") = "Unity.SysrootPackage.Editor", "Unity.SysrootPackage.Editor.csproj", "{cc8882e3-8391-dd81-0164-9b43328d07d5}"
EndProject
Project("{FAE04EC0-301F-11D3-BF4B-00C04F79EFBC}") = "KartGame.Editor", "KartGame.Editor.csproj", "{38b2be58-886c-ffb5-6ada-f5561019d5a9}"
EndProject
Project("{FAE04EC0-301F-11D3-BF4B-00C04F79EFBC}") = "Unity.Collections.BurstCompatibilityGen", "Unity.Collections.BurstCompatibilityGen.csproj", "{4d68184f-0bdb-aa83-14c3-291535bf1682}"
EndProject
Project("{FAE04EC0-301F-11D3-BF4B-00C04F79EFBC}") = "Unity.Toolchain.Macos-arm64-Linux-x86_64", "Unity.Toolchain.Macos-arm64-Linux-x86_64.csproj", "{f66bee7b-cd72-95b2-d756-999b4d2fcf43}"
EndProject
Project("{FAE04EC0-301F-11D3-BF4B-00C04F79EFBC}") = "Unity.Collections.DocCodeSamples", "Unity.Collections.DocCodeSamples.csproj", "{7b235e06-9f28-8ba1-290a-09003cf2a689}"
EndProject
Project("{FAE04EC0-301F-11D3-BF4B-00C04F79EFBC}") = "Unity.CollabProxy.Editor", "Unity.CollabProxy.Editor.csproj", "{4df88f41-f42a-bb9c-4873-e52c8a3f985f}"
EndProject
Project("{FAE04EC0-301F-11D3-BF4B-00C04F79EFBC}") = "Unity.Barracuda.BurstBLAS", "Unity.Barracuda.BurstBLAS.csproj", "{aa6a4702-6009-4767-c5ad-1c878ce6d5d0}"
EndProject
Project("{FAE04EC0-301F-11D3-BF4B-00C04F79EFBC}") = "Unity.Multiplayer.Tools.NetworkSolutionInterface.Tests.Editor", "Unity.Multiplayer.Tools.NetworkSolutionInterface.Tests.Editor.csproj", "{3199b511-25ae-e469-8233-b95a27e67e6d}"
EndProject
Project("{FAE04EC0-301F-11D3-BF4B-00C04F79EFBC}") = "Unity.Barracuda.iOSBLAS", "Unity.Barracuda.iOSBLAS.csproj", "{98aa140d-434b-9f68-0cd1-47e797d9e42d}"
EndProject
Project("{FAE04EC0-301F-11D3-BF4B-00C04F79EFBC}") = "Unity.Netcode.Editor.PackageChecker", "Unity.Netcode.Editor.PackageChecker.csproj", "{bf94228f-78ef-c65e-ffb5-c8740c52bd1e}"
EndProject
Project("{FAE04EC0-301F-11D3-BF4B-00C04F79EFBC}") = "Unity.Multiplayer.Tools.NetworkSimulator.Editor", "Unity.Multiplayer.Tools.NetworkSimulator.Editor.csproj", "{c3c79f64-1dd0-cb7b-fa5f-509e38093c6c}"
EndProject
Project("{FAE04EC0-301F-11D3-BF4B-00C04F79EFBC}") = "Unity.Netcode.TestHelpers.Runtime", "Unity.Netcode.TestHelpers.Runtime.csproj", "{626683e6-61bc-fab2-f9d9-b624c0403ae1}"
EndProject
Project("{FAE04EC0-301F-11D3-BF4B-00C04F79EFBC}") = "UnityEngine.UI.Tests", "UnityEngine.UI.Tests.csproj", "{2b3ebeac-6602-26c9-9760-144b423ce1b2}"
EndProject
Project("{FAE04EC0-301F-11D3-BF4B-00C04F79EFBC}") = "Assembly-CSharp-Editor", "Assembly-CSharp-Editor.csproj", "{5e9da1c7-d208-3643-a706-1725d855d9b5}"
EndProject
Project("{FAE04EC0-301F-11D3-BF4B-00C04F79EFBC}") = "Unity.Play.Publisher.Editor.Tests", "Unity.Play.Publisher.Editor.Tests.csproj", "{cd0a5932-2820-f7eb-3617-37f76fff0584}"
EndProject
Project("{FAE04EC0-301F-11D3-BF4B-00C04F79EFBC}") = "Unity.Burst.Tests.UnitTests", "Unity.Burst.Tests.UnitTests.csproj", "{c9d55532-c1e7-d801-5545-32f08eb73d96}"
EndProject
Project("{FAE04EC0-301F-11D3-BF4B-00C04F79EFBC}") = "UnityEditor.UI.EditorTests", "UnityEditor.UI.EditorTests.csproj", "{e4265778-5e37-9218-a31b-6c7fe12cbcc0}"
EndProject
Project("{FAE04EC0-301F-11D3-BF4B-00C04F79EFBC}") = "Unity.Netcode.RuntimeTests", "Unity.Netcode.RuntimeTests.csproj", "{0fd8e5c2-09d3-22e2-af18-d09b18ca3929}"
EndProject
Project("{FAE04EC0-301F-11D3-BF4B-00C04F79EFBC}") = "Unity.Multiplayer.Samples.Utilities.Testing", "Unity.Multiplayer.Samples.Utilities.Testing.csproj", "{154acfff-4f7d-0138-4e54-76c3dcf27499}"
EndProject
Project("{FAE04EC0-301F-11D3-BF4B-00C04F79EFBC}") = "Unity.Mathematics.Tests", "Unity.Mathematics.Tests.csproj", "{4e7a7c06-9e22-0370-0efd-815c3253e839}"
EndProject
Project("{FAE04EC0-301F-11D3-BF4B-00C04F79EFBC}") = "Unity.Multiplayer.Tools.Adapters.Tests", "Unity.Multiplayer.Tools.Adapters.Tests.csproj", "{b8ac1207-6da9-56eb-b1ef-bd248446cdc4}"
EndProject
Project("{FAE04EC0-301F-11D3-BF4B-00C04F79EFBC}") = "Unity.Services.Authentication.Server.Tests", "Unity.Services.Authentication.Server.Tests.csproj", "{212c59f7-68ae-9af2-5594-992915db63f8}"
EndProject
Project("{FAE04EC0-301F-11D3-BF4B-00C04F79EFBC}") = "Unity.TextMeshPro.Tests", "Unity.TextMeshPro.Tests.csproj", "{d187cb88-acd0-356f-72ca-b991a1e4584d}"
EndProject
Project("{FAE04EC0-301F-11D3-BF4B-00C04F79EFBC}") = "Unity.Barracuda.Editor.Tests", "Unity.Barracuda.Editor.Tests.csproj", "{78560f93-3486-494b-8ee0-922c90827069}"
EndProject
Project("{FAE04EC0-301F-11D3-BF4B-00C04F79EFBC}") = "Unity.Networking.Transport.EditorTests", "Unity.Networking.Transport.EditorTests.csproj", "{7c279766-f3d2-2d02-ed8c-49517ec769fe}"
EndProject
Project("{FAE04EC0-301F-11D3-BF4B-00C04F79EFBC}") = "Unity.Tutorials.Core.Editor.Tests", "Unity.Tutorials.Core.Editor.Tests.csproj", "{04a068b4-5971-3f6f-d3da-c835d54b5bca}"
EndProject
Project("{FAE04EC0-301F-11D3-BF4B-00C04F79EFBC}") = "Unity.Multiplayer.Tools.NetworkSimulator.Runtime", "Unity.Multiplayer.Tools.NetworkSimulator.Runtime.csproj", "{175b4409-9d7c-89a8-ef92-2d219d431ba2}"
EndProject
Project("{FAE04EC0-301F-11D3-BF4B-00C04F79EFBC}") = "Unity.Netcode.EditorTests", "Unity.Netcode.EditorTests.csproj", "{465d580a-4093-3803-9b6c-c8c65acdeaaf}"
EndProject
Project("{FAE04EC0-301F-11D3-BF4B-00C04F79EFBC}") = "Unity.Toolchain.Macos-arm64-Linux-x86_64.EditorTests", "Unity.Toolchain.Macos-arm64-Linux-x86_64.EditorTests.csproj", "{6285c9c0-f3ce-a8f6-26da-c255021cea8f}"
EndProject
Project("{FAE04EC0-301F-11D3-BF4B-00C04F79EFBC}") = "Unity.Burst.Editor.Tests", "Unity.Burst.Editor.Tests.csproj", "{fd3b9ab7-6b5c-6326-197b-4268cf059584}"
EndProject
Project("{FAE04EC0-301F-11D3-BF4B-00C04F79EFBC}") = "Unity.Networking.Transport.RuntimeTests", "Unity.Networking.Transport.RuntimeTests.csproj", "{f78ac501-f075-b937-7a10-415291cda392}"
EndProject
Project("{FAE04EC0-301F-11D3-BF4B-00C04F79EFBC}") = "Unity.Multiplayer.Samples.Utilities.Tests.Editor", "Unity.Multiplayer.Samples.Utilities.Tests.Editor.csproj", "{213aba36-1d78-8ec5-390f-813f28b7116f}"
EndProject
Project("{FAE04EC0-301F-11D3-BF4B-00C04F79EFBC}") = "Unity.Multiplayer.Tools.Adapters.Ngo1WithUtp2", "Unity.Multiplayer.Tools.Adapters.Ngo1WithUtp2.csproj", "{9da6be49-7295-50ee-671f-3ef6e0517942}"
EndProject
Project("{FAE04EC0-301F-11D3-BF4B-00C04F79EFBC}") = "Unity.Postprocessing.Editor.Tests", "Unity.Postprocessing.Editor.Tests.csproj", "{6b9e8b11-1163-72db-e868-8549ddc4c86c}"
EndProject
Project("{FAE04EC0-301F-11D3-BF4B-00C04F79EFBC}") = "DocCodeExamples", "DocCodeExamples.csproj", "{a25edd7a-9228-4cfe-114d-a85d911b7ff2}"
EndProject
Project("{FAE04EC0-301F-11D3-BF4B-00C04F79EFBC}") = "Unity.Sysroot.Linux_x86_64.EditorTests", "Unity.Sysroot.Linux_x86_64.EditorTests.csproj", "{8f02eed4-f23c-0dfd-ce93-afb7db20561a}"
EndProject
Project("{FAE04EC0-301F-11D3-BF4B-00C04F79EFBC}") = "Unity.Postprocessing.Runtime.Tests", "Unity.Postprocessing.Runtime.Tests.csproj", "{1654ca96-bbc5-2de1-19b7-4b5f808c710e}"
EndProject
Project("{FAE04EC0-301F-11D3-BF4B-00C04F79EFBC}") = "Assembly-CSharp-firstpass", "Assembly-CSharp-firstpass.csproj", "{bb86df92-c66e-593f-a875-81e1bb744ad8}"
EndProject
Project("{FAE04EC0-301F-11D3-BF4B-00C04F79EFBC}") = "Unity.AI.Navigation.Tests", "Unity.AI.Navigation.Tests.csproj", "{2318738b-26e3-00eb-7832-1d12242d37e4}"
EndProject
Project("{FAE04EC0-301F-11D3-BF4B-00C04F79EFBC}") = "Unity.Nuget.Mono-Cecil", "Unity.Nuget.Mono-Cecil.csproj", "{b3c14aa0-279f-cccd-0292-773395d4db77}"
EndProject
Project("{FAE04EC0-301F-11D3-BF4B-00C04F79EFBC}") = "Unity.Multiplayer.Tools.Adapters.Utp2", "Unity.Multiplayer.Tools.Adapters.Utp2.csproj", "{b04b384e-1268-5185-10a3-8faac4c16291}"
EndProject
Project("{FAE04EC0-301F-11D3-BF4B-00C04F79EFBC}") = "Unity.TextMeshPro.Editor.Tests", "Unity.TextMeshPro.Editor.Tests.csproj", "{9001d36b-9ae0-acd0-6d19-0d900343f627}"
EndProject
Project("{FAE04EC0-301F-11D3-BF4B-00C04F79EFBC}") = "Unity.Settings.Tests", "Unity.Settings.Tests.csproj", "{a9feb0a9-1dad-9699-9f37-415e61506fd9}"
EndProject
Project("{FAE04EC0-301F-11D3-BF4B-00C04F79EFBC}") = "Cinemachine.Editor.Tests", "Cinemachine.Editor.Tests.csproj", "{b1364c01-6c79-40f0-bd18-2dae3125594f}"
EndProject
Project("{FAE04EC0-301F-11D3-BF4B-00C04F79EFBC}") = "Unity.Collections.Tests", "Unity.Collections.Tests.csproj", "{1b6496eb-29c5-1466-5d81-3babe3b9af53}"
EndProject
Project("{FAE04EC0-301F-11D3-BF4B-00C04F79EFBC}") = "Unity.AI.Navigation.Editor.Tests", "Unity.AI.Navigation.Editor.Tests.csproj", "{65f0573d-ab4f-c9f0-317a-415fd5baa8b3}"
EndProject
Project("{FAE04EC0-301F-11D3-BF4B-00C04F79EFBC}") = "Unity.Collections.Tests.Playmode", "Unity.Collections.Tests.Playmode.csproj", "{09f13fc3-1592-1c58-f180-d459af1b864b}"
EndProject
Project("{FAE04EC0-301F-11D3-BF4B-00C04F79EFBC}") = "Unity.Tutorials.Core.Tests", "Unity.Tutorials.Core.Tests.csproj", "{f0e1a66d-3db9-e9fd-ba48-727e8ea043b2}"
EndProject
Project("{FAE04EC0-301F-11D3-BF4B-00C04F79EFBC}") = "SeparateAssembly", "SeparateAssembly.csproj", "{7b37da3d-b455-8747-a090-48cf812a9879}"
EndProject
Project("{FAE04EC0-301F-11D3-BF4B-00C04F79EFBC}") = "Unity.Sysroot.EditorTests", "Unity.Sysroot.EditorTests.csproj", "{a478ac4b-d1d7-78b5-35fe-cf32c83f4239}"
EndProject
Project("{FAE04EC0-301F-11D3-BF4B-00C04F79EFBC}") = "Cinemachine.Runtime.Tests", "Cinemachine.Runtime.Tests.csproj", "{4be2dfef-eae5-b1d6-c660-6180cd10f63b}"
EndProject
Project("{FAE04EC0-301F-11D3-BF4B-00C04F79EFBC}") = "Unity.Multiplayer.Samples.Utilities.Tests.Runtime", "Unity.Multiplayer.Samples.Utilities.Tests.Runtime.csproj", "{ab4661b1-bcd1-ef35-bacc-aa8144c7dc3f}"
EndProject
Project("{FAE04EC0-301F-11D3-BF4B-00C04F79EFBC}") = "OverloadedFunctionPointers", "OverloadedFunctionPointers.csproj", "{921a056e-dcb7-899c-5159-76316f6aedb8}"
EndProject
Global
	GlobalSection(SolutionConfigurationPlatforms) = preSolution
		Debug|Any CPU = Debug|Any CPU
	EndGlobalSection
	GlobalSection(ProjectConfigurationPlatforms) = postSolution
		{ee1534c9-3ac9-951c-0bc9-ceac6720ee8c}.Debug|Any CPU.ActiveCfg = Debug|Any CPU
		{ee1534c9-3ac9-951c-0bc9-ceac6720ee8c}.Debug|Any CPU.Build.0 = Debug|Any CPU
		{80986d2b-b03c-ff9c-662c-26c3bd508562}.Debug|Any CPU.ActiveCfg = Debug|Any CPU
		{80986d2b-b03c-ff9c-662c-26c3bd508562}.Debug|Any CPU.Build.0 = Debug|Any CPU
		{04a03f1a-31ec-a050-7940-4b004cdb3e31}.Debug|Any CPU.ActiveCfg = Debug|Any CPU
		{04a03f1a-31ec-a050-7940-4b004cdb3e31}.Debug|Any CPU.Build.0 = Debug|Any CPU
		{cb3565ba-25b7-16d1-f043-a63dc640d28b}.Debug|Any CPU.ActiveCfg = Debug|Any CPU
		{cb3565ba-25b7-16d1-f043-a63dc640d28b}.Debug|Any CPU.Build.0 = Debug|Any CPU
		{73dc6619-6914-9988-32bf-358c10547eb1}.Debug|Any CPU.ActiveCfg = Debug|Any CPU
		{73dc6619-6914-9988-32bf-358c10547eb1}.Debug|Any CPU.Build.0 = Debug|Any CPU
		{43a2e4ab-37de-b689-b0d9-69cafb4d5157}.Debug|Any CPU.ActiveCfg = Debug|Any CPU
		{43a2e4ab-37de-b689-b0d9-69cafb4d5157}.Debug|Any CPU.Build.0 = Debug|Any CPU
		{8c04f4d4-1bbb-a283-64e3-bd9d0e479934}.Debug|Any CPU.ActiveCfg = Debug|Any CPU
		{8c04f4d4-1bbb-a283-64e3-bd9d0e479934}.Debug|Any CPU.Build.0 = Debug|Any CPU
		{bea2bf27-20e7-aa82-c121-e02bb3773cd9}.Debug|Any CPU.ActiveCfg = Debug|Any CPU
		{bea2bf27-20e7-aa82-c121-e02bb3773cd9}.Debug|Any CPU.Build.0 = Debug|Any CPU
		{d586da06-f1e8-5f9d-f038-b398f6792bb2}.Debug|Any CPU.ActiveCfg = Debug|Any CPU
		{d586da06-f1e8-5f9d-f038-b398f6792bb2}.Debug|Any CPU.Build.0 = Debug|Any CPU
		{a207be23-b9fc-2d66-048b-3902ac3f229a}.Debug|Any CPU.ActiveCfg = Debug|Any CPU
		{a207be23-b9fc-2d66-048b-3902ac3f229a}.Debug|Any CPU.Build.0 = Debug|Any CPU
		{6bd71c7b-0946-4a83-94c8-df8212156c8d}.Debug|Any CPU.ActiveCfg = Debug|Any CPU
		{6bd71c7b-0946-4a83-94c8-df8212156c8d}.Debug|Any CPU.Build.0 = Debug|Any CPU
		{9ee86e83-2833-d528-e01b-c313c8da885e}.Debug|Any CPU.ActiveCfg = Debug|Any CPU
		{9ee86e83-2833-d528-e01b-c313c8da885e}.Debug|Any CPU.Build.0 = Debug|Any CPU
		{50eb8abb-4a2f-5d19-58bc-9f4f21346cfc}.Debug|Any CPU.ActiveCfg = Debug|Any CPU
		{50eb8abb-4a2f-5d19-58bc-9f4f21346cfc}.Debug|Any CPU.Build.0 = Debug|Any CPU
		{487c4cc7-be96-a9f9-5913-6e36280593dd}.Debug|Any CPU.ActiveCfg = Debug|Any CPU
		{487c4cc7-be96-a9f9-5913-6e36280593dd}.Debug|Any CPU.Build.0 = Debug|Any CPU
		{e2789830-6367-104f-98bb-2e449e147931}.Debug|Any CPU.ActiveCfg = Debug|Any CPU
		{e2789830-6367-104f-98bb-2e449e147931}.Debug|Any CPU.Build.0 = Debug|Any CPU
		{f81daf11-92be-1f1d-47c9-b907a6a1d4d3}.Debug|Any CPU.ActiveCfg = Debug|Any CPU
		{f81daf11-92be-1f1d-47c9-b907a6a1d4d3}.Debug|Any CPU.Build.0 = Debug|Any CPU
		{4fe228ca-e747-81e3-e29e-25b5459e22c4}.Debug|Any CPU.ActiveCfg = Debug|Any CPU
		{4fe228ca-e747-81e3-e29e-25b5459e22c4}.Debug|Any CPU.Build.0 = Debug|Any CPU
		{25039238-1d93-9db2-1314-8ae5e8b22b85}.Debug|Any CPU.ActiveCfg = Debug|Any CPU
		{25039238-1d93-9db2-1314-8ae5e8b22b85}.Debug|Any CPU.Build.0 = Debug|Any CPU
		{65135a48-364a-b375-59cf-1f6140ded2dd}.Debug|Any CPU.ActiveCfg = Debug|Any CPU
		{65135a48-364a-b375-59cf-1f6140ded2dd}.Debug|Any CPU.Build.0 = Debug|Any CPU
		{b09d369e-434a-993b-6256-c2b03ec361b1}.Debug|Any CPU.ActiveCfg = Debug|Any CPU
		{b09d369e-434a-993b-6256-c2b03ec361b1}.Debug|Any CPU.Build.0 = Debug|Any CPU
		{025ea7ed-077f-c78d-f133-b3eb797c9f49}.Debug|Any CPU.ActiveCfg = Debug|Any CPU
		{025ea7ed-077f-c78d-f133-b3eb797c9f49}.Debug|Any CPU.Build.0 = Debug|Any CPU
		{e101ed1a-76c2-1255-9208-6423837e5f40}.Debug|Any CPU.ActiveCfg = Debug|Any CPU
		{e101ed1a-76c2-1255-9208-6423837e5f40}.Debug|Any CPU.Build.0 = Debug|Any CPU
		{c9d0ab7c-e861-c73e-fb1b-1edffd2c7e8d}.Debug|Any CPU.ActiveCfg = Debug|Any CPU
		{c9d0ab7c-e861-c73e-fb1b-1edffd2c7e8d}.Debug|Any CPU.Build.0 = Debug|Any CPU
		{0b5edb06-aaf4-526c-39ef-745bdb9c1738}.Debug|Any CPU.ActiveCfg = Debug|Any CPU
		{0b5edb06-aaf4-526c-39ef-745bdb9c1738}.Debug|Any CPU.Build.0 = Debug|Any CPU
		{ff0306cc-3812-6f5d-e6ec-183da941e9fd}.Debug|Any CPU.ActiveCfg = Debug|Any CPU
		{ff0306cc-3812-6f5d-e6ec-183da941e9fd}.Debug|Any CPU.Build.0 = Debug|Any CPU
		{bdd54dc5-a515-27f2-df2f-b7b59c7faa94}.Debug|Any CPU.ActiveCfg = Debug|Any CPU
		{bdd54dc5-a515-27f2-df2f-b7b59c7faa94}.Debug|Any CPU.Build.0 = Debug|Any CPU
		{d1476d8d-c4fe-f441-6c36-ac3ef2889734}.Debug|Any CPU.ActiveCfg = Debug|Any CPU
		{d1476d8d-c4fe-f441-6c36-ac3ef2889734}.Debug|Any CPU.Build.0 = Debug|Any CPU
		{e0fa6821-ee30-d898-0ebd-af57a328b41f}.Debug|Any CPU.ActiveCfg = Debug|Any CPU
		{e0fa6821-ee30-d898-0ebd-af57a328b41f}.Debug|Any CPU.Build.0 = Debug|Any CPU
		{38ab37d0-75f3-7a8e-7898-e1c5e9788a8c}.Debug|Any CPU.ActiveCfg = Debug|Any CPU
		{38ab37d0-75f3-7a8e-7898-e1c5e9788a8c}.Debug|Any CPU.Build.0 = Debug|Any CPU
		{d22b58e4-b4d9-4023-042f-10fbb8778a58}.Debug|Any CPU.ActiveCfg = Debug|Any CPU
		{d22b58e4-b4d9-4023-042f-10fbb8778a58}.Debug|Any CPU.Build.0 = Debug|Any CPU
		{9b6100d4-1255-637f-25cc-d3377f3cc6c9}.Debug|Any CPU.ActiveCfg = Debug|Any CPU
		{9b6100d4-1255-637f-25cc-d3377f3cc6c9}.Debug|Any CPU.Build.0 = Debug|Any CPU
		{2e4b30aa-cf1b-9c03-a9b7-0d89c995aae9}.Debug|Any CPU.ActiveCfg = Debug|Any CPU
		{2e4b30aa-cf1b-9c03-a9b7-0d89c995aae9}.Debug|Any CPU.Build.0 = Debug|Any CPU
		{af041075-5560-1439-6832-b3e2f4819983}.Debug|Any CPU.ActiveCfg = Debug|Any CPU
		{af041075-5560-1439-6832-b3e2f4819983}.Debug|Any CPU.Build.0 = Debug|Any CPU
		{88fe8984-2ed5-79b4-f42f-230e6b127af7}.Debug|Any CPU.ActiveCfg = Debug|Any CPU
		{88fe8984-2ed5-79b4-f42f-230e6b127af7}.Debug|Any CPU.Build.0 = Debug|Any CPU
		{0579ccd8-9a61-bfe9-82bb-3f7ee91b60e4}.Debug|Any CPU.ActiveCfg = Debug|Any CPU
		{0579ccd8-9a61-bfe9-82bb-3f7ee91b60e4}.Debug|Any CPU.Build.0 = Debug|Any CPU
		{a8071507-4829-d44b-06e8-e91d8e9a1460}.Debug|Any CPU.ActiveCfg = Debug|Any CPU
		{a8071507-4829-d44b-06e8-e91d8e9a1460}.Debug|Any CPU.Build.0 = Debug|Any CPU
		{aa33d18b-fc96-e103-c1ac-fd63c8d749ab}.Debug|Any CPU.ActiveCfg = Debug|Any CPU
		{aa33d18b-fc96-e103-c1ac-fd63c8d749ab}.Debug|Any CPU.Build.0 = Debug|Any CPU
		{d0003d09-88c4-5141-2142-c5eb67493263}.Debug|Any CPU.ActiveCfg = Debug|Any CPU
		{d0003d09-88c4-5141-2142-c5eb67493263}.Debug|Any CPU.Build.0 = Debug|Any CPU
		{385861ec-4a6f-f0e9-e98a-18412ec616b8}.Debug|Any CPU.ActiveCfg = Debug|Any CPU
		{385861ec-4a6f-f0e9-e98a-18412ec616b8}.Debug|Any CPU.Build.0 = Debug|Any CPU
		{8e189068-a399-5d9a-df64-2ce5b7635460}.Debug|Any CPU.ActiveCfg = Debug|Any CPU
		{8e189068-a399-5d9a-df64-2ce5b7635460}.Debug|Any CPU.Build.0 = Debug|Any CPU
		{9c1b7909-9d6c-16e8-95ad-ae77debab697}.Debug|Any CPU.ActiveCfg = Debug|Any CPU
		{9c1b7909-9d6c-16e8-95ad-ae77debab697}.Debug|Any CPU.Build.0 = Debug|Any CPU
		{d8bc15e1-1651-5f77-d189-423c82ed3dc2}.Debug|Any CPU.ActiveCfg = Debug|Any CPU
		{d8bc15e1-1651-5f77-d189-423c82ed3dc2}.Debug|Any CPU.Build.0 = Debug|Any CPU
		{d9c6a9e6-8b6e-6d24-1a20-3dc5f5ad64d0}.Debug|Any CPU.ActiveCfg = Debug|Any CPU
		{d9c6a9e6-8b6e-6d24-1a20-3dc5f5ad64d0}.Debug|Any CPU.Build.0 = Debug|Any CPU
		{f5b28e69-7b9e-2bb7-9f9c-c3fcc08e4d54}.Debug|Any CPU.ActiveCfg = Debug|Any CPU
		{f5b28e69-7b9e-2bb7-9f9c-c3fcc08e4d54}.Debug|Any CPU.Build.0 = Debug|Any CPU
		{70bd607a-28d5-34f4-9888-d1cc10bcb86c}.Debug|Any CPU.ActiveCfg = Debug|Any CPU
		{70bd607a-28d5-34f4-9888-d1cc10bcb86c}.Debug|Any CPU.Build.0 = Debug|Any CPU
		{96976f4b-6268-db37-8645-17429bb8211e}.Debug|Any CPU.ActiveCfg = Debug|Any CPU
		{96976f4b-6268-db37-8645-17429bb8211e}.Debug|Any CPU.Build.0 = Debug|Any CPU
		{677256c0-644e-9792-6614-42201480366c}.Debug|Any CPU.ActiveCfg = Debug|Any CPU
		{677256c0-644e-9792-6614-42201480366c}.Debug|Any CPU.Build.0 = Debug|Any CPU
		{815526ea-3894-d376-b9e5-26e0952e3fe4}.Debug|Any CPU.ActiveCfg = Debug|Any CPU
		{815526ea-3894-d376-b9e5-26e0952e3fe4}.Debug|Any CPU.Build.0 = Debug|Any CPU
		{8e43e930-3ba3-31e6-517a-2032566520ff}.Debug|Any CPU.ActiveCfg = Debug|Any CPU
		{8e43e930-3ba3-31e6-517a-2032566520ff}.Debug|Any CPU.Build.0 = Debug|Any CPU
		{ecae6404-5c58-6aaa-7702-33edaafb06b0}.Debug|Any CPU.ActiveCfg = Debug|Any CPU
		{ecae6404-5c58-6aaa-7702-33edaafb06b0}.Debug|Any CPU.Build.0 = Debug|Any CPU
		{7bf9a5ca-165a-4689-dee4-41f4d2c54b56}.Debug|Any CPU.ActiveCfg = Debug|Any CPU
		{7bf9a5ca-165a-4689-dee4-41f4d2c54b56}.Debug|Any CPU.Build.0 = Debug|Any CPU
		{e16fc667-3a11-745f-050b-abe1054b25b2}.Debug|Any CPU.ActiveCfg = Debug|Any CPU
		{e16fc667-3a11-745f-050b-abe1054b25b2}.Debug|Any CPU.Build.0 = Debug|Any CPU
		{f205078f-b792-4569-bb5c-441e8395889d}.Debug|Any CPU.ActiveCfg = Debug|Any CPU
		{f205078f-b792-4569-bb5c-441e8395889d}.Debug|Any CPU.Build.0 = Debug|Any CPU
		{afa20f60-7ac4-2315-8e17-14dcb28c0a55}.Debug|Any CPU.ActiveCfg = Debug|Any CPU
		{afa20f60-7ac4-2315-8e17-14dcb28c0a55}.Debug|Any CPU.Build.0 = Debug|Any CPU
		{2b84e30e-016f-1c8f-7e9c-5eba8fee34e9}.Debug|Any CPU.ActiveCfg = Debug|Any CPU
		{2b84e30e-016f-1c8f-7e9c-5eba8fee34e9}.Debug|Any CPU.Build.0 = Debug|Any CPU
		{defd49ac-880a-ab72-a751-c6780bcfc906}.Debug|Any CPU.ActiveCfg = Debug|Any CPU
		{defd49ac-880a-ab72-a751-c6780bcfc906}.Debug|Any CPU.Build.0 = Debug|Any CPU
		{ec118224-7acc-e4de-2715-8865efe8754d}.Debug|Any CPU.ActiveCfg = Debug|Any CPU
		{ec118224-7acc-e4de-2715-8865efe8754d}.Debug|Any CPU.Build.0 = Debug|Any CPU
		{4ef9889e-1b33-0534-d30f-86843e8f29e5}.Debug|Any CPU.ActiveCfg = Debug|Any CPU
		{4ef9889e-1b33-0534-d30f-86843e8f29e5}.Debug|Any CPU.Build.0 = Debug|Any CPU
		{7883cbc2-b3f8-f77b-35b4-63655a0b6d70}.Debug|Any CPU.ActiveCfg = Debug|Any CPU
		{7883cbc2-b3f8-f77b-35b4-63655a0b6d70}.Debug|Any CPU.Build.0 = Debug|Any CPU
		{fb61e1a2-3f93-935a-551e-d67ab78226fe}.Debug|Any CPU.ActiveCfg = Debug|Any CPU
		{fb61e1a2-3f93-935a-551e-d67ab78226fe}.Debug|Any CPU.Build.0 = Debug|Any CPU
		{80f1cbbc-9f04-4390-7120-99fbfe545fb7}.Debug|Any CPU.ActiveCfg = Debug|Any CPU
		{80f1cbbc-9f04-4390-7120-99fbfe545fb7}.Debug|Any CPU.Build.0 = Debug|Any CPU
		{dffca055-1846-c265-674e-5d6868267975}.Debug|Any CPU.ActiveCfg = Debug|Any CPU
		{dffca055-1846-c265-674e-5d6868267975}.Debug|Any CPU.Build.0 = Debug|Any CPU
		{fdf45fde-df01-0369-2cbd-cfe32ab9cc01}.Debug|Any CPU.ActiveCfg = Debug|Any CPU
		{fdf45fde-df01-0369-2cbd-cfe32ab9cc01}.Debug|Any CPU.Build.0 = Debug|Any CPU
		{fd60c31b-6b94-9faf-ccb2-5e2f356f339c}.Debug|Any CPU.ActiveCfg = Debug|Any CPU
		{fd60c31b-6b94-9faf-ccb2-5e2f356f339c}.Debug|Any CPU.Build.0 = Debug|Any CPU
		{8b6502fd-b6e9-6e8e-c9e2-038454513925}.Debug|Any CPU.ActiveCfg = Debug|Any CPU
		{8b6502fd-b6e9-6e8e-c9e2-038454513925}.Debug|Any CPU.Build.0 = Debug|Any CPU
		{4733c1d4-48a4-697a-63e4-f9d5906a47d1}.Debug|Any CPU.ActiveCfg = Debug|Any CPU
		{4733c1d4-48a4-697a-63e4-f9d5906a47d1}.Debug|Any CPU.Build.0 = Debug|Any CPU
		{a32c6c0a-26e6-bdfe-d276-5199b6bd6bc4}.Debug|Any CPU.ActiveCfg = Debug|Any CPU
		{a32c6c0a-26e6-bdfe-d276-5199b6bd6bc4}.Debug|Any CPU.Build.0 = Debug|Any CPU
		{6da2e8a2-6e18-f564-574a-790e6080e322}.Debug|Any CPU.ActiveCfg = Debug|Any CPU
		{6da2e8a2-6e18-f564-574a-790e6080e322}.Debug|Any CPU.Build.0 = Debug|Any CPU
		{5f5d5361-0acd-f3ef-af22-28077aea0e85}.Debug|Any CPU.ActiveCfg = Debug|Any CPU
		{5f5d5361-0acd-f3ef-af22-28077aea0e85}.Debug|Any CPU.Build.0 = Debug|Any CPU
		{12a72898-c956-d27a-7525-f20ce837c5ad}.Debug|Any CPU.ActiveCfg = Debug|Any CPU
		{12a72898-c956-d27a-7525-f20ce837c5ad}.Debug|Any CPU.Build.0 = Debug|Any CPU
		{a5474434-65b5-bbe6-934f-94762f890858}.Debug|Any CPU.ActiveCfg = Debug|Any CPU
		{a5474434-65b5-bbe6-934f-94762f890858}.Debug|Any CPU.Build.0 = Debug|Any CPU
		{e3ed0ce1-fbf7-391a-4123-42db096602e1}.Debug|Any CPU.ActiveCfg = Debug|Any CPU
		{e3ed0ce1-fbf7-391a-4123-42db096602e1}.Debug|Any CPU.Build.0 = Debug|Any CPU
		{78c46463-114a-6142-1ccf-cef05bfb0594}.Debug|Any CPU.ActiveCfg = Debug|Any CPU
		{78c46463-114a-6142-1ccf-cef05bfb0594}.Debug|Any CPU.Build.0 = Debug|Any CPU
		{8f11c0fa-1b29-40d1-47af-bbc9ef233e31}.Debug|Any CPU.ActiveCfg = Debug|Any CPU
		{8f11c0fa-1b29-40d1-47af-bbc9ef233e31}.Debug|Any CPU.Build.0 = Debug|Any CPU
		{59c31c02-dca2-9e91-9d3b-b2fbdddfffd1}.Debug|Any CPU.ActiveCfg = Debug|Any CPU
		{59c31c02-dca2-9e91-9d3b-b2fbdddfffd1}.Debug|Any CPU.Build.0 = Debug|Any CPU
		{293eae17-cc18-199c-39a1-7d7d6a43c36c}.Debug|Any CPU.ActiveCfg = Debug|Any CPU
		{293eae17-cc18-199c-39a1-7d7d6a43c36c}.Debug|Any CPU.Build.0 = Debug|Any CPU
		{5cec2974-1b7c-0ed9-9e39-7f39b69870e2}.Debug|Any CPU.ActiveCfg = Debug|Any CPU
		{5cec2974-1b7c-0ed9-9e39-7f39b69870e2}.Debug|Any CPU.Build.0 = Debug|Any CPU
		{669fefb2-40ef-743e-bf69-dadb4b32b80a}.Debug|Any CPU.ActiveCfg = Debug|Any CPU
		{669fefb2-40ef-743e-bf69-dadb4b32b80a}.Debug|Any CPU.Build.0 = Debug|Any CPU
		{35c65f1b-b085-c73f-8f40-30c04115e741}.Debug|Any CPU.ActiveCfg = Debug|Any CPU
		{35c65f1b-b085-c73f-8f40-30c04115e741}.Debug|Any CPU.Build.0 = Debug|Any CPU
		{27d05c56-d9bd-8221-7295-9fa4eb97c3af}.Debug|Any CPU.ActiveCfg = Debug|Any CPU
		{27d05c56-d9bd-8221-7295-9fa4eb97c3af}.Debug|Any CPU.Build.0 = Debug|Any CPU
		{690d7624-61f5-4ac5-eeea-916fb4ec43ba}.Debug|Any CPU.ActiveCfg = Debug|Any CPU
		{690d7624-61f5-4ac5-eeea-916fb4ec43ba}.Debug|Any CPU.Build.0 = Debug|Any CPU
		{9050090a-54d2-23ff-607a-6423ecd0f38d}.Debug|Any CPU.ActiveCfg = Debug|Any CPU
		{9050090a-54d2-23ff-607a-6423ecd0f38d}.Debug|Any CPU.Build.0 = Debug|Any CPU
		{ef2408c7-ed88-becc-3ad3-233f589fb284}.Debug|Any CPU.ActiveCfg = Debug|Any CPU
		{ef2408c7-ed88-becc-3ad3-233f589fb284}.Debug|Any CPU.Build.0 = Debug|Any CPU
		{4c4e1fb9-4725-eb0e-38d0-7ef0fbdb63e8}.Debug|Any CPU.ActiveCfg = Debug|Any CPU
		{4c4e1fb9-4725-eb0e-38d0-7ef0fbdb63e8}.Debug|Any CPU.Build.0 = Debug|Any CPU
		{5c101d44-cab1-cc87-aeb6-7dc3c96dc33d}.Debug|Any CPU.ActiveCfg = Debug|Any CPU
		{5c101d44-cab1-cc87-aeb6-7dc3c96dc33d}.Debug|Any CPU.Build.0 = Debug|Any CPU
		{5c587646-9a68-bca5-73ed-4bb95c42a0a8}.Debug|Any CPU.ActiveCfg = Debug|Any CPU
		{5c587646-9a68-bca5-73ed-4bb95c42a0a8}.Debug|Any CPU.Build.0 = Debug|Any CPU
		{aa79a002-5a26-a739-acf0-2863216bb1a4}.Debug|Any CPU.ActiveCfg = Debug|Any CPU
		{aa79a002-5a26-a739-acf0-2863216bb1a4}.Debug|Any CPU.Build.0 = Debug|Any CPU
		{bcf75538-b90b-0730-c416-c8bbf2ccfb88}.Debug|Any CPU.ActiveCfg = Debug|Any CPU
		{bcf75538-b90b-0730-c416-c8bbf2ccfb88}.Debug|Any CPU.Build.0 = Debug|Any CPU
		{8253c068-c894-759f-b2ea-f1c865509608}.Debug|Any CPU.ActiveCfg = Debug|Any CPU
		{8253c068-c894-759f-b2ea-f1c865509608}.Debug|Any CPU.Build.0 = Debug|Any CPU
		{dd1d4229-72b1-31e1-0e33-a6e51e8de084}.Debug|Any CPU.ActiveCfg = Debug|Any CPU
		{dd1d4229-72b1-31e1-0e33-a6e51e8de084}.Debug|Any CPU.Build.0 = Debug|Any CPU
		{e4575f54-f9b1-c3ee-a433-b87f1133ea77}.Debug|Any CPU.ActiveCfg = Debug|Any CPU
		{e4575f54-f9b1-c3ee-a433-b87f1133ea77}.Debug|Any CPU.Build.0 = Debug|Any CPU
		{cf1825fd-7a91-dd8c-f43a-0f0646522dfc}.Debug|Any CPU.ActiveCfg = Debug|Any CPU
		{cf1825fd-7a91-dd8c-f43a-0f0646522dfc}.Debug|Any CPU.Build.0 = Debug|Any CPU
		{a5d62ef8-8c78-669a-ce0a-69117da4d083}.Debug|Any CPU.ActiveCfg = Debug|Any CPU
		{a5d62ef8-8c78-669a-ce0a-69117da4d083}.Debug|Any CPU.Build.0 = Debug|Any CPU
		{490fd307-e525-92f2-3344-977d4a2c14a9}.Debug|Any CPU.ActiveCfg = Debug|Any CPU
		{490fd307-e525-92f2-3344-977d4a2c14a9}.Debug|Any CPU.Build.0 = Debug|Any CPU
		{a17b28cb-2cb6-9cb8-a727-96557304896f}.Debug|Any CPU.ActiveCfg = Debug|Any CPU
		{a17b28cb-2cb6-9cb8-a727-96557304896f}.Debug|Any CPU.Build.0 = Debug|Any CPU
		{633ae30a-9e55-ba0e-2f21-32d582e49133}.Debug|Any CPU.ActiveCfg = Debug|Any CPU
		{633ae30a-9e55-ba0e-2f21-32d582e49133}.Debug|Any CPU.Build.0 = Debug|Any CPU
		{4942ebb3-37a8-6019-8922-c8e026a783d5}.Debug|Any CPU.ActiveCfg = Debug|Any CPU
		{4942ebb3-37a8-6019-8922-c8e026a783d5}.Debug|Any CPU.Build.0 = Debug|Any CPU
		{a2e987fa-1cf2-51a9-ea02-b73b0933e6d5}.Debug|Any CPU.ActiveCfg = Debug|Any CPU
		{a2e987fa-1cf2-51a9-ea02-b73b0933e6d5}.Debug|Any CPU.Build.0 = Debug|Any CPU
		{14e63912-111d-63b9-08b8-8fa21018167d}.Debug|Any CPU.ActiveCfg = Debug|Any CPU
		{14e63912-111d-63b9-08b8-8fa21018167d}.Debug|Any CPU.Build.0 = Debug|Any CPU
		{2e5c8a49-f848-d692-d16c-8085c63b2b11}.Debug|Any CPU.ActiveCfg = Debug|Any CPU
		{2e5c8a49-f848-d692-d16c-8085c63b2b11}.Debug|Any CPU.Build.0 = Debug|Any CPU
		{90e5d35b-eb75-7d77-0c16-13295de765c0}.Debug|Any CPU.ActiveCfg = Debug|Any CPU
		{90e5d35b-eb75-7d77-0c16-13295de765c0}.Debug|Any CPU.Build.0 = Debug|Any CPU
		{625f68ad-1346-b035-1f0c-e49186f29956}.Debug|Any CPU.ActiveCfg = Debug|Any CPU
		{625f68ad-1346-b035-1f0c-e49186f29956}.Debug|Any CPU.Build.0 = Debug|Any CPU
		{9c635be0-aa27-35d0-344b-16fea3db3d66}.Debug|Any CPU.ActiveCfg = Debug|Any CPU
		{9c635be0-aa27-35d0-344b-16fea3db3d66}.Debug|Any CPU.Build.0 = Debug|Any CPU
		{94f51ea6-0ae1-39be-ff9a-b69c537efd39}.Debug|Any CPU.ActiveCfg = Debug|Any CPU
		{94f51ea6-0ae1-39be-ff9a-b69c537efd39}.Debug|Any CPU.Build.0 = Debug|Any CPU
		{97ebe0c4-9861-d466-ec66-25f0decca05b}.Debug|Any CPU.ActiveCfg = Debug|Any CPU
		{97ebe0c4-9861-d466-ec66-25f0decca05b}.Debug|Any CPU.Build.0 = Debug|Any CPU
		{f1c3ea50-ada1-eeb7-c926-7fc9de207ab5}.Debug|Any CPU.ActiveCfg = Debug|Any CPU
		{f1c3ea50-ada1-eeb7-c926-7fc9de207ab5}.Debug|Any CPU.Build.0 = Debug|Any CPU
		{784b0ef7-237a-29af-4860-ef4b752df6e0}.Debug|Any CPU.ActiveCfg = Debug|Any CPU
		{784b0ef7-237a-29af-4860-ef4b752df6e0}.Debug|Any CPU.Build.0 = Debug|Any CPU
		{9e025c6b-8fa2-3c33-f755-3c79446e2f27}.Debug|Any CPU.ActiveCfg = Debug|Any CPU
		{9e025c6b-8fa2-3c33-f755-3c79446e2f27}.Debug|Any CPU.Build.0 = Debug|Any CPU
		{dd93294d-88e8-16cc-e482-1299ecbf1535}.Debug|Any CPU.ActiveCfg = Debug|Any CPU
		{dd93294d-88e8-16cc-e482-1299ecbf1535}.Debug|Any CPU.Build.0 = Debug|Any CPU
		{428579d3-98e0-1002-81cc-9818253830e9}.Debug|Any CPU.ActiveCfg = Debug|Any CPU
		{428579d3-98e0-1002-81cc-9818253830e9}.Debug|Any CPU.Build.0 = Debug|Any CPU
		{f6fd9204-2394-1a11-14d1-6e1632862f46}.Debug|Any CPU.ActiveCfg = Debug|Any CPU
		{f6fd9204-2394-1a11-14d1-6e1632862f46}.Debug|Any CPU.Build.0 = Debug|Any CPU
		{66432cf7-6224-be3b-da6d-65633a4ad489}.Debug|Any CPU.ActiveCfg = Debug|Any CPU
		{66432cf7-6224-be3b-da6d-65633a4ad489}.Debug|Any CPU.Build.0 = Debug|Any CPU
		{ce2250e2-9511-fa18-c81d-2e2eadbe0b69}.Debug|Any CPU.ActiveCfg = Debug|Any CPU
		{ce2250e2-9511-fa18-c81d-2e2eadbe0b69}.Debug|Any CPU.Build.0 = Debug|Any CPU
		{bf454dfb-48db-f5e7-082d-5272bc61757e}.Debug|Any CPU.ActiveCfg = Debug|Any CPU
		{bf454dfb-48db-f5e7-082d-5272bc61757e}.Debug|Any CPU.Build.0 = Debug|Any CPU
		{12b42ec6-2b5e-d9fb-552b-b805ae9b9c08}.Debug|Any CPU.ActiveCfg = Debug|Any CPU
		{12b42ec6-2b5e-d9fb-552b-b805ae9b9c08}.Debug|Any CPU.Build.0 = Debug|Any CPU
		{cc8882e3-8391-dd81-0164-9b43328d07d5}.Debug|Any CPU.ActiveCfg = Debug|Any CPU
		{cc8882e3-8391-dd81-0164-9b43328d07d5}.Debug|Any CPU.Build.0 = Debug|Any CPU
		{38b2be58-886c-ffb5-6ada-f5561019d5a9}.Debug|Any CPU.ActiveCfg = Debug|Any CPU
		{38b2be58-886c-ffb5-6ada-f5561019d5a9}.Debug|Any CPU.Build.0 = Debug|Any CPU
		{4d68184f-0bdb-aa83-14c3-291535bf1682}.Debug|Any CPU.ActiveCfg = Debug|Any CPU
		{4d68184f-0bdb-aa83-14c3-291535bf1682}.Debug|Any CPU.Build.0 = Debug|Any CPU
		{f66bee7b-cd72-95b2-d756-999b4d2fcf43}.Debug|Any CPU.ActiveCfg = Debug|Any CPU
		{f66bee7b-cd72-95b2-d756-999b4d2fcf43}.Debug|Any CPU.Build.0 = Debug|Any CPU
		{7b235e06-9f28-8ba1-290a-09003cf2a689}.Debug|Any CPU.ActiveCfg = Debug|Any CPU
		{7b235e06-9f28-8ba1-290a-09003cf2a689}.Debug|Any CPU.Build.0 = Debug|Any CPU
		{4df88f41-f42a-bb9c-4873-e52c8a3f985f}.Debug|Any CPU.ActiveCfg = Debug|Any CPU
		{4df88f41-f42a-bb9c-4873-e52c8a3f985f}.Debug|Any CPU.Build.0 = Debug|Any CPU
		{aa6a4702-6009-4767-c5ad-1c878ce6d5d0}.Debug|Any CPU.ActiveCfg = Debug|Any CPU
		{aa6a4702-6009-4767-c5ad-1c878ce6d5d0}.Debug|Any CPU.Build.0 = Debug|Any CPU
		{3199b511-25ae-e469-8233-b95a27e67e6d}.Debug|Any CPU.ActiveCfg = Debug|Any CPU
		{3199b511-25ae-e469-8233-b95a27e67e6d}.Debug|Any CPU.Build.0 = Debug|Any CPU
		{98aa140d-434b-9f68-0cd1-47e797d9e42d}.Debug|Any CPU.ActiveCfg = Debug|Any CPU
		{98aa140d-434b-9f68-0cd1-47e797d9e42d}.Debug|Any CPU.Build.0 = Debug|Any CPU
		{bf94228f-78ef-c65e-ffb5-c8740c52bd1e}.Debug|Any CPU.ActiveCfg = Debug|Any CPU
		{bf94228f-78ef-c65e-ffb5-c8740c52bd1e}.Debug|Any CPU.Build.0 = Debug|Any CPU
		{c3c79f64-1dd0-cb7b-fa5f-509e38093c6c}.Debug|Any CPU.ActiveCfg = Debug|Any CPU
		{c3c79f64-1dd0-cb7b-fa5f-509e38093c6c}.Debug|Any CPU.Build.0 = Debug|Any CPU
		{626683e6-61bc-fab2-f9d9-b624c0403ae1}.Debug|Any CPU.ActiveCfg = Debug|Any CPU
		{626683e6-61bc-fab2-f9d9-b624c0403ae1}.Debug|Any CPU.Build.0 = Debug|Any CPU
		{2b3ebeac-6602-26c9-9760-144b423ce1b2}.Debug|Any CPU.ActiveCfg = Debug|Any CPU
		{2b3ebeac-6602-26c9-9760-144b423ce1b2}.Debug|Any CPU.Build.0 = Debug|Any CPU
		{5e9da1c7-d208-3643-a706-1725d855d9b5}.Debug|Any CPU.ActiveCfg = Debug|Any CPU
		{5e9da1c7-d208-3643-a706-1725d855d9b5}.Debug|Any CPU.Build.0 = Debug|Any CPU
		{cd0a5932-2820-f7eb-3617-37f76fff0584}.Debug|Any CPU.ActiveCfg = Debug|Any CPU
		{cd0a5932-2820-f7eb-3617-37f76fff0584}.Debug|Any CPU.Build.0 = Debug|Any CPU
		{c9d55532-c1e7-d801-5545-32f08eb73d96}.Debug|Any CPU.ActiveCfg = Debug|Any CPU
		{c9d55532-c1e7-d801-5545-32f08eb73d96}.Debug|Any CPU.Build.0 = Debug|Any CPU
		{e4265778-5e37-9218-a31b-6c7fe12cbcc0}.Debug|Any CPU.ActiveCfg = Debug|Any CPU
		{e4265778-5e37-9218-a31b-6c7fe12cbcc0}.Debug|Any CPU.Build.0 = Debug|Any CPU
		{0fd8e5c2-09d3-22e2-af18-d09b18ca3929}.Debug|Any CPU.ActiveCfg = Debug|Any CPU
		{0fd8e5c2-09d3-22e2-af18-d09b18ca3929}.Debug|Any CPU.Build.0 = Debug|Any CPU
		{154acfff-4f7d-0138-4e54-76c3dcf27499}.Debug|Any CPU.ActiveCfg = Debug|Any CPU
		{154acfff-4f7d-0138-4e54-76c3dcf27499}.Debug|Any CPU.Build.0 = Debug|Any CPU
		{4e7a7c06-9e22-0370-0efd-815c3253e839}.Debug|Any CPU.ActiveCfg = Debug|Any CPU
		{4e7a7c06-9e22-0370-0efd-815c3253e839}.Debug|Any CPU.Build.0 = Debug|Any CPU
		{b8ac1207-6da9-56eb-b1ef-bd248446cdc4}.Debug|Any CPU.ActiveCfg = Debug|Any CPU
		{b8ac1207-6da9-56eb-b1ef-bd248446cdc4}.Debug|Any CPU.Build.0 = Debug|Any CPU
		{212c59f7-68ae-9af2-5594-992915db63f8}.Debug|Any CPU.ActiveCfg = Debug|Any CPU
		{212c59f7-68ae-9af2-5594-992915db63f8}.Debug|Any CPU.Build.0 = Debug|Any CPU
		{d187cb88-acd0-356f-72ca-b991a1e4584d}.Debug|Any CPU.ActiveCfg = Debug|Any CPU
		{d187cb88-acd0-356f-72ca-b991a1e4584d}.Debug|Any CPU.Build.0 = Debug|Any CPU
		{78560f93-3486-494b-8ee0-922c90827069}.Debug|Any CPU.ActiveCfg = Debug|Any CPU
		{78560f93-3486-494b-8ee0-922c90827069}.Debug|Any CPU.Build.0 = Debug|Any CPU
		{7c279766-f3d2-2d02-ed8c-49517ec769fe}.Debug|Any CPU.ActiveCfg = Debug|Any CPU
		{7c279766-f3d2-2d02-ed8c-49517ec769fe}.Debug|Any CPU.Build.0 = Debug|Any CPU
		{04a068b4-5971-3f6f-d3da-c835d54b5bca}.Debug|Any CPU.ActiveCfg = Debug|Any CPU
		{04a068b4-5971-3f6f-d3da-c835d54b5bca}.Debug|Any CPU.Build.0 = Debug|Any CPU
		{175b4409-9d7c-89a8-ef92-2d219d431ba2}.Debug|Any CPU.ActiveCfg = Debug|Any CPU
		{175b4409-9d7c-89a8-ef92-2d219d431ba2}.Debug|Any CPU.Build.0 = Debug|Any CPU
		{465d580a-4093-3803-9b6c-c8c65acdeaaf}.Debug|Any CPU.ActiveCfg = Debug|Any CPU
		{465d580a-4093-3803-9b6c-c8c65acdeaaf}.Debug|Any CPU.Build.0 = Debug|Any CPU
		{6285c9c0-f3ce-a8f6-26da-c255021cea8f}.Debug|Any CPU.ActiveCfg = Debug|Any CPU
		{6285c9c0-f3ce-a8f6-26da-c255021cea8f}.Debug|Any CPU.Build.0 = Debug|Any CPU
		{fd3b9ab7-6b5c-6326-197b-4268cf059584}.Debug|Any CPU.ActiveCfg = Debug|Any CPU
		{fd3b9ab7-6b5c-6326-197b-4268cf059584}.Debug|Any CPU.Build.0 = Debug|Any CPU
		{f78ac501-f075-b937-7a10-415291cda392}.Debug|Any CPU.ActiveCfg = Debug|Any CPU
		{f78ac501-f075-b937-7a10-415291cda392}.Debug|Any CPU.Build.0 = Debug|Any CPU
		{213aba36-1d78-8ec5-390f-813f28b7116f}.Debug|Any CPU.ActiveCfg = Debug|Any CPU
		{213aba36-1d78-8ec5-390f-813f28b7116f}.Debug|Any CPU.Build.0 = Debug|Any CPU
		{9da6be49-7295-50ee-671f-3ef6e0517942}.Debug|Any CPU.ActiveCfg = Debug|Any CPU
		{9da6be49-7295-50ee-671f-3ef6e0517942}.Debug|Any CPU.Build.0 = Debug|Any CPU
		{6b9e8b11-1163-72db-e868-8549ddc4c86c}.Debug|Any CPU.ActiveCfg = Debug|Any CPU
		{6b9e8b11-1163-72db-e868-8549ddc4c86c}.Debug|Any CPU.Build.0 = Debug|Any CPU
		{a25edd7a-9228-4cfe-114d-a85d911b7ff2}.Debug|Any CPU.ActiveCfg = Debug|Any CPU
		{a25edd7a-9228-4cfe-114d-a85d911b7ff2}.Debug|Any CPU.Build.0 = Debug|Any CPU
		{8f02eed4-f23c-0dfd-ce93-afb7db20561a}.Debug|Any CPU.ActiveCfg = Debug|Any CPU
		{8f02eed4-f23c-0dfd-ce93-afb7db20561a}.Debug|Any CPU.Build.0 = Debug|Any CPU
		{1654ca96-bbc5-2de1-19b7-4b5f808c710e}.Debug|Any CPU.ActiveCfg = Debug|Any CPU
		{1654ca96-bbc5-2de1-19b7-4b5f808c710e}.Debug|Any CPU.Build.0 = Debug|Any CPU
		{bb86df92-c66e-593f-a875-81e1bb744ad8}.Debug|Any CPU.ActiveCfg = Debug|Any CPU
		{bb86df92-c66e-593f-a875-81e1bb744ad8}.Debug|Any CPU.Build.0 = Debug|Any CPU
		{2318738b-26e3-00eb-7832-1d12242d37e4}.Debug|Any CPU.ActiveCfg = Debug|Any CPU
		{2318738b-26e3-00eb-7832-1d12242d37e4}.Debug|Any CPU.Build.0 = Debug|Any CPU
		{b3c14aa0-279f-cccd-0292-773395d4db77}.Debug|Any CPU.ActiveCfg = Debug|Any CPU
		{b3c14aa0-279f-cccd-0292-773395d4db77}.Debug|Any CPU.Build.0 = Debug|Any CPU
		{b04b384e-1268-5185-10a3-8faac4c16291}.Debug|Any CPU.ActiveCfg = Debug|Any CPU
		{b04b384e-1268-5185-10a3-8faac4c16291}.Debug|Any CPU.Build.0 = Debug|Any CPU
		{9001d36b-9ae0-acd0-6d19-0d900343f627}.Debug|Any CPU.ActiveCfg = Debug|Any CPU
		{9001d36b-9ae0-acd0-6d19-0d900343f627}.Debug|Any CPU.Build.0 = Debug|Any CPU
		{a9feb0a9-1dad-9699-9f37-415e61506fd9}.Debug|Any CPU.ActiveCfg = Debug|Any CPU
		{a9feb0a9-1dad-9699-9f37-415e61506fd9}.Debug|Any CPU.Build.0 = Debug|Any CPU
		{b1364c01-6c79-40f0-bd18-2dae3125594f}.Debug|Any CPU.ActiveCfg = Debug|Any CPU
		{b1364c01-6c79-40f0-bd18-2dae3125594f}.Debug|Any CPU.Build.0 = Debug|Any CPU
		{1b6496eb-29c5-1466-5d81-3babe3b9af53}.Debug|Any CPU.ActiveCfg = Debug|Any CPU
		{1b6496eb-29c5-1466-5d81-3babe3b9af53}.Debug|Any CPU.Build.0 = Debug|Any CPU
		{65f0573d-ab4f-c9f0-317a-415fd5baa8b3}.Debug|Any CPU.ActiveCfg = Debug|Any CPU
		{65f0573d-ab4f-c9f0-317a-415fd5baa8b3}.Debug|Any CPU.Build.0 = Debug|Any CPU
		{09f13fc3-1592-1c58-f180-d459af1b864b}.Debug|Any CPU.ActiveCfg = Debug|Any CPU
		{09f13fc3-1592-1c58-f180-d459af1b864b}.Debug|Any CPU.Build.0 = Debug|Any CPU
		{f0e1a66d-3db9-e9fd-ba48-727e8ea043b2}.Debug|Any CPU.ActiveCfg = Debug|Any CPU
		{f0e1a66d-3db9-e9fd-ba48-727e8ea043b2}.Debug|Any CPU.Build.0 = Debug|Any CPU
		{7b37da3d-b455-8747-a090-48cf812a9879}.Debug|Any CPU.ActiveCfg = Debug|Any CPU
		{7b37da3d-b455-8747-a090-48cf812a9879}.Debug|Any CPU.Build.0 = Debug|Any CPU
		{a478ac4b-d1d7-78b5-35fe-cf32c83f4239}.Debug|Any CPU.ActiveCfg = Debug|Any CPU
		{a478ac4b-d1d7-78b5-35fe-cf32c83f4239}.Debug|Any CPU.Build.0 = Debug|Any CPU
		{4be2dfef-eae5-b1d6-c660-6180cd10f63b}.Debug|Any CPU.ActiveCfg = Debug|Any CPU
		{4be2dfef-eae5-b1d6-c660-6180cd10f63b}.Debug|Any CPU.Build.0 = Debug|Any CPU
		{ab4661b1-bcd1-ef35-bacc-aa8144c7dc3f}.Debug|Any CPU.ActiveCfg = Debug|Any CPU
		{ab4661b1-bcd1-ef35-bacc-aa8144c7dc3f}.Debug|Any CPU.Build.0 = Debug|Any CPU
		{921a056e-dcb7-899c-5159-76316f6aedb8}.Debug|Any CPU.ActiveCfg = Debug|Any CPU
		{921a056e-dcb7-899c-5159-76316f6aedb8}.Debug|Any CPU.Build.0 = Debug|Any CPU
	EndGlobalSection
	GlobalSection(SolutionProperties) = preSolution
		HideSolutionNode = FALSE
	EndGlobalSection
EndGlobal
