
Microsoft Visual Studio Solution File, Format Version 11.00
# Visual Studio 2010
Project("{FAE04EC0-301F-11D3-BF4B-00C04F79EFBC}") = "PhotonChat", "PhotonChat.csproj", "{843b28b2-f162-055e-1aa8-49d165bf8bf5}"
EndProject
Project("{FAE04EC0-301F-11D3-BF4B-00C04F79EFBC}") = "PhotonUnityNetworking.Demos", "PhotonUnityNetworking.Demos.csproj", "{9b484e3c-ebc6-8d3f-3df6-6a71d12e9b07}"
EndProject
Project("{FAE04EC0-301F-11D3-BF4B-00C04F79EFBC}") = "Assembly-CSharp", "Assembly-CSharp.csproj", "{5f602792-5ead-a01f-9809-61446890f6be}"
EndProject
Project("{FAE04EC0-301F-11D3-BF4B-00C04F79EFBC}") = "PhotonUnityNetworking.Editor", "PhotonUnityNetworking.Editor.csproj", "{1553e2ea-b6f6-d6a7-858b-4fb4d7babaae}"
EndProject
Project("{FAE04EC0-301F-11D3-BF4B-00C04F79EFBC}") = "PhotonUnityNetworking", "PhotonUnityNetworking.csproj", "{fe73e7ef-7ddf-a351-945d-37d10aef7564}"
EndProject
Project("{FAE04EC0-301F-11D3-BF4B-00C04F79EFBC}") = "PhotonRealtime", "PhotonRealtime.csproj", "{5a532e02-4040-0c21-3ac9-9a016a181a49}"
EndProject
Project("{FAE04EC0-301F-11D3-BF4B-00C04F79EFBC}") = "PhotonUnityNetworking.Utilities.PhotonPlayer.Editor", "PhotonUnityNetworking.Utilities.PhotonPlayer.Editor.csproj", "{00bb13c0-fbe2-a443-dd5d-452dee93a9c3}"
EndProject
Project("{FAE04EC0-301F-11D3-BF4B-00C04F79EFBC}") = "PhotonUnityNetworking.Utilities", "PhotonUnityNetworking.Utilities.csproj", "{fa5e2f01-45e1-37ea-29a4-42f47ecec5e7}"
EndProject
Project("{FAE04EC0-301F-11D3-BF4B-00C04F79EFBC}") = "PunDemos.DemoSlotcarEditor", "PunDemos.DemoSlotcarEditor.csproj", "{7466ce02-01b7-ae1d-3866-a8568d6dd785}"
EndProject
Project("{FAE04EC0-301F-11D3-BF4B-00C04F79EFBC}") = "PhotonUnityNetworking.Utilities.Culling.Editor", "PhotonUnityNetworking.Utilities.Culling.Editor.csproj", "{3c8bdca9-c027-eccc-fd4a-1656fe6538d5}"
EndProject
Project("{FAE04EC0-301F-11D3-BF4B-00C04F79EFBC}") = "PunDemos.DemoHubEditor", "PunDemos.DemoHubEditor.csproj", "{f7be4b93-b75d-f00f-0f53-8912615ba89a}"
EndProject
Project("{FAE04EC0-301F-11D3-BF4B-00C04F79EFBC}") = "Assembly-CSharp-Editor", "Assembly-CSharp-Editor.csproj", "{655f378b-396b-f91d-6316-e899a69e55d6}"
EndProject
Global
	GlobalSection(SolutionConfigurationPlatforms) = preSolution
		Debug|Any CPU = Debug|Any CPU
	EndGlobalSection
	GlobalSection(ProjectConfigurationPlatforms) = postSolution
		{843b28b2-f162-055e-1aa8-49d165bf8bf5}.Debug|Any CPU.ActiveCfg = Debug|Any CPU
		{843b28b2-f162-055e-1aa8-49d165bf8bf5}.Debug|Any CPU.Build.0 = Debug|Any CPU
		{9b484e3c-ebc6-8d3f-3df6-6a71d12e9b07}.Debug|Any CPU.ActiveCfg = Debug|Any CPU
		{9b484e3c-ebc6-8d3f-3df6-6a71d12e9b07}.Debug|Any CPU.Build.0 = Debug|Any CPU
		{5f602792-5ead-a01f-9809-61446890f6be}.Debug|Any CPU.ActiveCfg = Debug|Any CPU
		{5f602792-5ead-a01f-9809-61446890f6be}.Debug|Any CPU.Build.0 = Debug|Any CPU
		{1553e2ea-b6f6-d6a7-858b-4fb4d7babaae}.Debug|Any CPU.ActiveCfg = Debug|Any CPU
		{1553e2ea-b6f6-d6a7-858b-4fb4d7babaae}.Debug|Any CPU.Build.0 = Debug|Any CPU
		{fe73e7ef-7ddf-a351-945d-37d10aef7564}.Debug|Any CPU.ActiveCfg = Debug|Any CPU
		{fe73e7ef-7ddf-a351-945d-37d10aef7564}.Debug|Any CPU.Build.0 = Debug|Any CPU
		{5a532e02-4040-0c21-3ac9-9a016a181a49}.Debug|Any CPU.ActiveCfg = Debug|Any CPU
		{5a532e02-4040-0c21-3ac9-9a016a181a49}.Debug|Any CPU.Build.0 = Debug|Any CPU
		{00bb13c0-fbe2-a443-dd5d-452dee93a9c3}.Debug|Any CPU.ActiveCfg = Debug|Any CPU
		{00bb13c0-fbe2-a443-dd5d-452dee93a9c3}.Debug|Any CPU.Build.0 = Debug|Any CPU
		{fa5e2f01-45e1-37ea-29a4-42f47ecec5e7}.Debug|Any CPU.ActiveCfg = Debug|Any CPU
		{fa5e2f01-45e1-37ea-29a4-42f47ecec5e7}.Debug|Any CPU.Build.0 = Debug|Any CPU
		{7466ce02-01b7-ae1d-3866-a8568d6dd785}.Debug|Any CPU.ActiveCfg = Debug|Any CPU
		{7466ce02-01b7-ae1d-3866-a8568d6dd785}.Debug|Any CPU.Build.0 = Debug|Any CPU
		{3c8bdca9-c027-eccc-fd4a-1656fe6538d5}.Debug|Any CPU.ActiveCfg = Debug|Any CPU
		{3c8bdca9-c027-eccc-fd4a-1656fe6538d5}.Debug|Any CPU.Build.0 = Debug|Any CPU
		{f7be4b93-b75d-f00f-0f53-8912615ba89a}.Debug|Any CPU.ActiveCfg = Debug|Any CPU
		{f7be4b93-b75d-f00f-0f53-8912615ba89a}.Debug|Any CPU.Build.0 = Debug|Any CPU
		{655f378b-396b-f91d-6316-e899a69e55d6}.Debug|Any CPU.ActiveCfg = Debug|Any CPU
		{655f378b-396b-f91d-6316-e899a69e55d6}.Debug|Any CPU.Build.0 = Debug|Any CPU
	EndGlobalSection
	GlobalSection(SolutionProperties) = preSolution
		HideSolutionNode = FALSE
	EndGlobalSection
EndGlobal
